// !$*UTF8*$!
{
	archiveVersion = 1;
	classes = {
	};
	objectVersion = 45;
	objects = {

/* Begin PBXBuildFile section */
		2163C23D135B637E00AF6544 /* CoreServices.framework in Frameworks */ = {isa = PBXBuildFile; fileRef = 2163C23C135B637E00AF6544 /* CoreServices.framework */; };
		2163C23F135B638800AF6544 /* Foundation.framework in Frameworks */ = {isa = PBXBuildFile; fileRef = 2163C23E135B638800AF6544 /* Foundation.framework */; };
		2163C243135B638D00AF6544 /* Security.framework in Frameworks */ = {isa = PBXBuildFile; fileRef = 2163C242135B638D00AF6544 /* Security.framework */; };
		2163C26A135B63F400AF6544 /* GCDAsyncSocket.h in Headers */ = {isa = PBXBuildFile; fileRef = 2163C268135B63F400AF6544 /* GCDAsyncSocket.h */; };
		2163C26B135B63F400AF6544 /* GCDAsyncSocket.m in Sources */ = {isa = PBXBuildFile; fileRef = 2163C269135B63F400AF6544 /* GCDAsyncSocket.m */; };
		217F93CD1389657A00D408E6 /* CKAJP13Connection.h in Headers */ = {isa = PBXBuildFile; fileRef = 217F93C51389657A00D408E6 /* CKAJP13Connection.h */; };
		217F93CE1389657A00D408E6 /* CKAJP13Connection.m in Sources */ = {isa = PBXBuildFile; fileRef = 217F93C61389657A00D408E6 /* CKAJP13Connection.m */; };
		217F93CF1389657A00D408E6 /* CKAJP13ForwardRequest.h in Headers */ = {isa = PBXBuildFile; fileRef = 217F93C71389657A00D408E6 /* CKAJP13ForwardRequest.h */; };
		217F93D01389657A00D408E6 /* CKAJP13ForwardRequest.m in Sources */ = {isa = PBXBuildFile; fileRef = 217F93C81389657A00D408E6 /* CKAJP13ForwardRequest.m */; };
		217F93D11389657A00D408E6 /* CKAJP13Response.h in Headers */ = {isa = PBXBuildFile; fileRef = 217F93C91389657A00D408E6 /* CKAJP13Response.h */; };
		217F93D21389657A00D408E6 /* CKAJP13Response.m in Sources */ = {isa = PBXBuildFile; fileRef = 217F93CA1389657A00D408E6 /* CKAJP13Response.m */; };
		217F93D31389657A00D408E6 /* CKAJP13Server.h in Headers */ = {isa = PBXBuildFile; fileRef = 217F93CB1389657A00D408E6 /* CKAJP13Server.h */; settings = {ATTRIBUTES = (Public, ); }; };
		217F93D41389657A00D408E6 /* CKAJP13Server.m in Sources */ = {isa = PBXBuildFile; fileRef = 217F93CC1389657A00D408E6 /* CKAJP13Server.m */; };
		217F93DD1389658800D408E6 /* CKHttpConnection.h in Headers */ = {isa = PBXBuildFile; fileRef = 217F93D51389658800D408E6 /* CKHttpConnection.h */; };
		217F93DE1389658800D408E6 /* CKHttpConnection.m in Sources */ = {isa = PBXBuildFile; fileRef = 217F93D61389658800D408E6 /* CKHttpConnection.m */; };
		217F93DF1389658800D408E6 /* CKHttpRequest.h in Headers */ = {isa = PBXBuildFile; fileRef = 217F93D71389658800D408E6 /* CKHttpRequest.h */; };
		217F93E01389658800D408E6 /* CKHttpRequest.m in Sources */ = {isa = PBXBuildFile; fileRef = 217F93D81389658800D408E6 /* CKHttpRequest.m */; };
		217F93E11389658800D408E6 /* CKHttpResponse.h in Headers */ = {isa = PBXBuildFile; fileRef = 217F93D91389658800D408E6 /* CKHttpResponse.h */; };
		217F93E21389658800D408E6 /* CKHttpResponse.m in Sources */ = {isa = PBXBuildFile; fileRef = 217F93DA1389658800D408E6 /* CKHttpResponse.m */; };
		217F93E31389658800D408E6 /* CKHttpServer.h in Headers */ = {isa = PBXBuildFile; fileRef = 217F93DB1389658800D408E6 /* CKHttpServer.h */; settings = {ATTRIBUTES = (Public, ); }; };
		217F93E41389658800D408E6 /* CKHttpServer.m in Sources */ = {isa = PBXBuildFile; fileRef = 217F93DC1389658800D408E6 /* CKHttpServer.m */; };
		217F9419138965D500D408E6 /* CKServletConnection.h in Headers */ = {isa = PBXBuildFile; fileRef = 217F9413138965D500D408E6 /* CKServletConnection.h */; };
		217F941A138965D500D408E6 /* CKServletConnection.m in Sources */ = {isa = PBXBuildFile; fileRef = 217F9414138965D500D408E6 /* CKServletConnection.m */; };
		217F941B138965D500D408E6 /* CKServletRequestMessage.h in Headers */ = {isa = PBXBuildFile; fileRef = 217F9415138965D500D408E6 /* CKServletRequestMessage.h */; };
		217F941C138965D500D408E6 /* CKServletResponseMessage.h in Headers */ = {isa = PBXBuildFile; fileRef = 217F9416138965D500D408E6 /* CKServletResponseMessage.h */; };
		217F941D138965D500D408E6 /* CKServletServer.h in Headers */ = {isa = PBXBuildFile; fileRef = 217F9417138965D500D408E6 /* CKServletServer.h */; settings = {ATTRIBUTES = (Public, ); }; };
		217F941E138965D500D408E6 /* CKServletServer.m in Sources */ = {isa = PBXBuildFile; fileRef = 217F9418138965D500D408E6 /* CKServletServer.m */; };
		217F9436138965E400D408E6 /* CKCookie.h in Headers */ = {isa = PBXBuildFile; fileRef = 217F941F138965E400D408E6 /* CKCookie.h */; settings = {ATTRIBUTES = (Public, ); }; };
		217F9437138965E400D408E6 /* CKCookie.m in Sources */ = {isa = PBXBuildFile; fileRef = 217F9420138965E400D408E6 /* CKCookie.m */; };
		217F9438138965E400D408E6 /* CKHttpDefaultPageManager.h in Headers */ = {isa = PBXBuildFile; fileRef = 217F9421138965E400D408E6 /* CKHttpDefaultPageManager.h */; settings = {ATTRIBUTES = (Public, ); }; };
		217F9439138965E400D408E6 /* CKHttpDefaultPageManager.m in Sources */ = {isa = PBXBuildFile; fileRef = 217F9422138965E400D408E6 /* CKHttpDefaultPageManager.m */; };
		217F943A138965E400D408E6 /* CKHttpDefaultPageManagers.h in Headers */ = {isa = PBXBuildFile; fileRef = 217F9423138965E400D408E6 /* CKHttpDefaultPageManagers.h */; settings = {ATTRIBUTES = (Public, ); }; };
		217F943B138965E400D408E6 /* CKHttpServlet.h in Headers */ = {isa = PBXBuildFile; fileRef = 217F9424138965E400D408E6 /* CKHttpServlet.h */; settings = {ATTRIBUTES = (Public, ); }; };
		217F943C138965E400D408E6 /* CKHttpServlet.m in Sources */ = {isa = PBXBuildFile; fileRef = 217F9425138965E400D408E6 /* CKHttpServlet.m */; };
		217F943D138965E400D408E6 /* CKHttpServletManager.h in Headers */ = {isa = PBXBuildFile; fileRef = 217F9426138965E400D408E6 /* CKHttpServletManager.h */; settings = {ATTRIBUTES = (Public, ); }; };
		217F943E138965E400D408E6 /* CKHttpServletManager.m in Sources */ = {isa = PBXBuildFile; fileRef = 217F9427138965E400D408E6 /* CKHttpServletManager.m */; };
		217F943F138965E400D408E6 /* CKHttpServletOutputStream.h in Headers */ = {isa = PBXBuildFile; fileRef = 217F9428138965E400D408E6 /* CKHttpServletOutputStream.h */; settings = {ATTRIBUTES = (Public, ); }; };
		217F9440138965E400D408E6 /* CKHttpServletOutputStream.m in Sources */ = {isa = PBXBuildFile; fileRef = 217F9429138965E400D408E6 /* CKHttpServletOutputStream.m */; };
		217F9441138965E400D408E6 /* CKHttpServletRequest.h in Headers */ = {isa = PBXBuildFile; fileRef = 217F942A138965E400D408E6 /* CKHttpServletRequest.h */; settings = {ATTRIBUTES = (Public, ); }; };
		217F9442138965E400D408E6 /* CKHttpServletRequest.m in Sources */ = {isa = PBXBuildFile; fileRef = 217F942B138965E400D408E6 /* CKHttpServletRequest.m */; };
		217F9443138965E400D408E6 /* CKHttpServletResponse.h in Headers */ = {isa = PBXBuildFile; fileRef = 217F942C138965E400D408E6 /* CKHttpServletResponse.h */; settings = {ATTRIBUTES = (Public, ); }; };
		217F9444138965E400D408E6 /* CKHttpServletResponse.m in Sources */ = {isa = PBXBuildFile; fileRef = 217F942D138965E400D408E6 /* CKHttpServletResponse.m */; };
		217F9445138965E400D408E6 /* CKHttpSession.h in Headers */ = {isa = PBXBuildFile; fileRef = 217F942E138965E400D408E6 /* CKHttpSession.h */; settings = {ATTRIBUTES = (Public, ); }; };
		217F9446138965E400D408E6 /* CKHttpSession.m in Sources */ = {isa = PBXBuildFile; fileRef = 217F942F138965E400D408E6 /* CKHttpSession.m */; };
		217F9447138965E400D408E6 /* CKHttpSessionManager.h in Headers */ = {isa = PBXBuildFile; fileRef = 217F9430138965E400D408E6 /* CKHttpSessionManager.h */; settings = {ATTRIBUTES = (Public, ); }; };
		217F9448138965E400D408E6 /* CKHttpSessionManager.m in Sources */ = {isa = PBXBuildFile; fileRef = 217F9431138965E400D408E6 /* CKHttpSessionManager.m */; };
		217F9449138965E400D408E6 /* CKServletRequest.h in Headers */ = {isa = PBXBuildFile; fileRef = 217F9432138965E400D408E6 /* CKServletRequest.h */; settings = {ATTRIBUTES = (Public, ); }; };
		217F944A138965E400D408E6 /* CKServletRequestDispatcher.h in Headers */ = {isa = PBXBuildFile; fileRef = 217F9433138965E400D408E6 /* CKServletRequestDispatcher.h */; };
		217F944B138965E400D408E6 /* CKServletRequestDispatcher.m in Sources */ = {isa = PBXBuildFile; fileRef = 217F9434138965E400D408E6 /* CKServletRequestDispatcher.m */; };
		217F944C138965E400D408E6 /* CKServletResponse.h in Headers */ = {isa = PBXBuildFile; fileRef = 217F9435138965E400D408E6 /* CKServletResponse.h */; settings = {ATTRIBUTES = (Public, ); }; };
		2197CE2F135F714900B3938F /* CocoCatKit.h in Headers */ = {isa = PBXBuildFile; fileRef = 2197CE2E135F714900B3938F /* CocoCatKit.h */; settings = {ATTRIBUTES = (Public, ); }; };
/* End PBXBuildFile section */

/* Begin PBXFileReference section */
		0867D69BFE84028FC02AAC07 /* Foundation.framework */ = {isa = PBXFileReference; lastKnownFileType = wrapper.framework; name = Foundation.framework; path = /System/Library/Frameworks/Foundation.framework; sourceTree = "<absolute>"; };
		0867D6A5FE840307C02AAC07 /* AppKit.framework */ = {isa = PBXFileReference; lastKnownFileType = wrapper.framework; name = AppKit.framework; path = /System/Library/Frameworks/AppKit.framework; sourceTree = "<absolute>"; };
		1058C7B1FEA5585E11CA2CBB /* Cocoa.framework */ = {isa = PBXFileReference; lastKnownFileType = wrapper.framework; name = Cocoa.framework; path = /System/Library/Frameworks/Cocoa.framework; sourceTree = "<absolute>"; };
		2163C23C135B637E00AF6544 /* CoreServices.framework */ = {isa = PBXFileReference; lastKnownFileType = wrapper.framework; name = CoreServices.framework; path = System/Library/Frameworks/CoreServices.framework; sourceTree = SDKROOT; };
		2163C23E135B638800AF6544 /* Foundation.framework */ = {isa = PBXFileReference; lastKnownFileType = wrapper.framework; name = Foundation.framework; path = System/Library/Frameworks/Foundation.framework; sourceTree = SDKROOT; };
		2163C242135B638D00AF6544 /* Security.framework */ = {isa = PBXFileReference; lastKnownFileType = wrapper.framework; name = Security.framework; path = System/Library/Frameworks/Security.framework; sourceTree = SDKROOT; };
		2163C268135B63F400AF6544 /* GCDAsyncSocket.h */ = {isa = PBXFileReference; fileEncoding = 4; lastKnownFileType = sourcecode.c.h; path = GCDAsyncSocket.h; sourceTree = "<group>"; };
		2163C269135B63F400AF6544 /* GCDAsyncSocket.m */ = {isa = PBXFileReference; fileEncoding = 4; lastKnownFileType = sourcecode.c.objc; path = GCDAsyncSocket.m; sourceTree = "<group>"; };
		217F93C51389657A00D408E6 /* CKAJP13Connection.h */ = {isa = PBXFileReference; fileEncoding = 4; lastKnownFileType = sourcecode.c.h; path = CKAJP13Connection.h; sourceTree = "<group>"; };
		217F93C61389657A00D408E6 /* CKAJP13Connection.m */ = {isa = PBXFileReference; fileEncoding = 4; lastKnownFileType = sourcecode.c.objc; path = CKAJP13Connection.m; sourceTree = "<group>"; };
		217F93C71389657A00D408E6 /* CKAJP13ForwardRequest.h */ = {isa = PBXFileReference; fileEncoding = 4; lastKnownFileType = sourcecode.c.h; path = CKAJP13ForwardRequest.h; sourceTree = "<group>"; };
		217F93C81389657A00D408E6 /* CKAJP13ForwardRequest.m */ = {isa = PBXFileReference; fileEncoding = 4; lastKnownFileType = sourcecode.c.objc; path = CKAJP13ForwardRequest.m; sourceTree = "<group>"; };
		217F93C91389657A00D408E6 /* CKAJP13Response.h */ = {isa = PBXFileReference; fileEncoding = 4; lastKnownFileType = sourcecode.c.h; path = CKAJP13Response.h; sourceTree = "<group>"; };
		217F93CA1389657A00D408E6 /* CKAJP13Response.m */ = {isa = PBXFileReference; fileEncoding = 4; lastKnownFileType = sourcecode.c.objc; path = CKAJP13Response.m; sourceTree = "<group>"; };
		217F93CB1389657A00D408E6 /* CKAJP13Server.h */ = {isa = PBXFileReference; fileEncoding = 4; lastKnownFileType = sourcecode.c.h; path = CKAJP13Server.h; sourceTree = "<group>"; };
		217F93CC1389657A00D408E6 /* CKAJP13Server.m */ = {isa = PBXFileReference; fileEncoding = 4; lastKnownFileType = sourcecode.c.objc; path = CKAJP13Server.m; sourceTree = "<group>"; };
		217F93D51389658800D408E6 /* CKHttpConnection.h */ = {isa = PBXFileReference; fileEncoding = 4; lastKnownFileType = sourcecode.c.h; path = CKHttpConnection.h; sourceTree = "<group>"; };
		217F93D61389658800D408E6 /* CKHttpConnection.m */ = {isa = PBXFileReference; fileEncoding = 4; lastKnownFileType = sourcecode.c.objc; path = CKHttpConnection.m; sourceTree = "<group>"; };
		217F93D71389658800D408E6 /* CKHttpRequest.h */ = {isa = PBXFileReference; fileEncoding = 4; lastKnownFileType = sourcecode.c.h; path = CKHttpRequest.h; sourceTree = "<group>"; };
		217F93D81389658800D408E6 /* CKHttpRequest.m */ = {isa = PBXFileReference; fileEncoding = 4; lastKnownFileType = sourcecode.c.objc; path = CKHttpRequest.m; sourceTree = "<group>"; };
		217F93D91389658800D408E6 /* CKHttpResponse.h */ = {isa = PBXFileReference; fileEncoding = 4; lastKnownFileType = sourcecode.c.h; path = CKHttpResponse.h; sourceTree = "<group>"; };
		217F93DA1389658800D408E6 /* CKHttpResponse.m */ = {isa = PBXFileReference; fileEncoding = 4; lastKnownFileType = sourcecode.c.objc; path = CKHttpResponse.m; sourceTree = "<group>"; };
		217F93DB1389658800D408E6 /* CKHttpServer.h */ = {isa = PBXFileReference; fileEncoding = 4; lastKnownFileType = sourcecode.c.h; path = CKHttpServer.h; sourceTree = "<group>"; };
		217F93DC1389658800D408E6 /* CKHttpServer.m */ = {isa = PBXFileReference; fileEncoding = 4; lastKnownFileType = sourcecode.c.objc; path = CKHttpServer.m; sourceTree = "<group>"; };
		217F9413138965D500D408E6 /* CKServletConnection.h */ = {isa = PBXFileReference; fileEncoding = 4; lastKnownFileType = sourcecode.c.h; path = CKServletConnection.h; sourceTree = "<group>"; };
		217F9414138965D500D408E6 /* CKServletConnection.m */ = {isa = PBXFileReference; fileEncoding = 4; lastKnownFileType = sourcecode.c.objc; path = CKServletConnection.m; sourceTree = "<group>"; };
		217F9415138965D500D408E6 /* CKServletRequestMessage.h */ = {isa = PBXFileReference; fileEncoding = 4; lastKnownFileType = sourcecode.c.h; path = CKServletRequestMessage.h; sourceTree = "<group>"; };
		217F9416138965D500D408E6 /* CKServletResponseMessage.h */ = {isa = PBXFileReference; fileEncoding = 4; lastKnownFileType = sourcecode.c.h; path = CKServletResponseMessage.h; sourceTree = "<group>"; };
		217F9417138965D500D408E6 /* CKServletServer.h */ = {isa = PBXFileReference; fileEncoding = 4; lastKnownFileType = sourcecode.c.h; path = CKServletServer.h; sourceTree = "<group>"; };
		217F9418138965D500D408E6 /* CKServletServer.m */ = {isa = PBXFileReference; fileEncoding = 4; lastKnownFileType = sourcecode.c.objc; path = CKServletServer.m; sourceTree = "<group>"; };
		217F941F138965E400D408E6 /* CKCookie.h */ = {isa = PBXFileReference; fileEncoding = 4; lastKnownFileType = sourcecode.c.h; path = CKCookie.h; sourceTree = "<group>"; };
		217F9420138965E400D408E6 /* CKCookie.m */ = {isa = PBXFileReference; fileEncoding = 4; lastKnownFileType = sourcecode.c.objc; path = CKCookie.m; sourceTree = "<group>"; };
		217F9421138965E400D408E6 /* CKHttpDefaultPageManager.h */ = {isa = PBXFileReference; fileEncoding = 4; lastKnownFileType = sourcecode.c.h; path = CKHttpDefaultPageManager.h; sourceTree = "<group>"; };
		217F9422138965E400D408E6 /* CKHttpDefaultPageManager.m */ = {isa = PBXFileReference; fileEncoding = 4; lastKnownFileType = sourcecode.c.objc; path = CKHttpDefaultPageManager.m; sourceTree = "<group>"; };
		217F9423138965E400D408E6 /* CKHttpDefaultPageManagers.h */ = {isa = PBXFileReference; fileEncoding = 4; lastKnownFileType = sourcecode.c.h; path = CKHttpDefaultPageManagers.h; sourceTree = "<group>"; };
		217F9424138965E400D408E6 /* CKHttpServlet.h */ = {isa = PBXFileReference; fileEncoding = 4; lastKnownFileType = sourcecode.c.h; path = CKHttpServlet.h; sourceTree = "<group>"; };
		217F9425138965E400D408E6 /* CKHttpServlet.m */ = {isa = PBXFileReference; fileEncoding = 4; lastKnownFileType = sourcecode.c.objc; path = CKHttpServlet.m; sourceTree = "<group>"; };
		217F9426138965E400D408E6 /* CKHttpServletManager.h */ = {isa = PBXFileReference; fileEncoding = 4; lastKnownFileType = sourcecode.c.h; path = CKHttpServletManager.h; sourceTree = "<group>"; };
		217F9427138965E400D408E6 /* CKHttpServletManager.m */ = {isa = PBXFileReference; fileEncoding = 4; lastKnownFileType = sourcecode.c.objc; path = CKHttpServletManager.m; sourceTree = "<group>"; };
		217F9428138965E400D408E6 /* CKHttpServletOutputStream.h */ = {isa = PBXFileReference; fileEncoding = 4; lastKnownFileType = sourcecode.c.h; path = CKHttpServletOutputStream.h; sourceTree = "<group>"; };
		217F9429138965E400D408E6 /* CKHttpServletOutputStream.m */ = {isa = PBXFileReference; fileEncoding = 4; lastKnownFileType = sourcecode.c.objc; path = CKHttpServletOutputStream.m; sourceTree = "<group>"; };
		217F942A138965E400D408E6 /* CKHttpServletRequest.h */ = {isa = PBXFileReference; fileEncoding = 4; lastKnownFileType = sourcecode.c.h; path = CKHttpServletRequest.h; sourceTree = "<group>"; };
		217F942B138965E400D408E6 /* CKHttpServletRequest.m */ = {isa = PBXFileReference; fileEncoding = 4; lastKnownFileType = sourcecode.c.objc; path = CKHttpServletRequest.m; sourceTree = "<group>"; };
		217F942C138965E400D408E6 /* CKHttpServletResponse.h */ = {isa = PBXFileReference; fileEncoding = 4; lastKnownFileType = sourcecode.c.h; path = CKHttpServletResponse.h; sourceTree = "<group>"; };
		217F942D138965E400D408E6 /* CKHttpServletResponse.m */ = {isa = PBXFileReference; fileEncoding = 4; lastKnownFileType = sourcecode.c.objc; path = CKHttpServletResponse.m; sourceTree = "<group>"; };
		217F942E138965E400D408E6 /* CKHttpSession.h */ = {isa = PBXFileReference; fileEncoding = 4; lastKnownFileType = sourcecode.c.h; path = CKHttpSession.h; sourceTree = "<group>"; };
		217F942F138965E400D408E6 /* CKHttpSession.m */ = {isa = PBXFileReference; fileEncoding = 4; lastKnownFileType = sourcecode.c.objc; path = CKHttpSession.m; sourceTree = "<group>"; };
		217F9430138965E400D408E6 /* CKHttpSessionManager.h */ = {isa = PBXFileReference; fileEncoding = 4; lastKnownFileType = sourcecode.c.h; path = CKHttpSessionManager.h; sourceTree = "<group>"; };
		217F9431138965E400D408E6 /* CKHttpSessionManager.m */ = {isa = PBXFileReference; fileEncoding = 4; lastKnownFileType = sourcecode.c.objc; path = CKHttpSessionManager.m; sourceTree = "<group>"; };
		217F9432138965E400D408E6 /* CKServletRequest.h */ = {isa = PBXFileReference; fileEncoding = 4; lastKnownFileType = sourcecode.c.h; path = CKServletRequest.h; sourceTree = "<group>"; };
		217F9433138965E400D408E6 /* CKServletRequestDispatcher.h */ = {isa = PBXFileReference; fileEncoding = 4; lastKnownFileType = sourcecode.c.h; path = CKServletRequestDispatcher.h; sourceTree = "<group>"; };
		217F9434138965E400D408E6 /* CKServletRequestDispatcher.m */ = {isa = PBXFileReference; fileEncoding = 4; lastKnownFileType = sourcecode.c.objc; path = CKServletRequestDispatcher.m; sourceTree = "<group>"; };
		217F9435138965E400D408E6 /* CKServletResponse.h */ = {isa = PBXFileReference; fileEncoding = 4; lastKnownFileType = sourcecode.c.h; path = CKServletResponse.h; sourceTree = "<group>"; };
		2197CE2E135F714900B3938F /* CocoCatKit.h */ = {isa = PBXFileReference; fileEncoding = 4; lastKnownFileType = sourcecode.c.h; path = CocoCatKit.h; sourceTree = "<group>"; };
		8DC2EF5A0486A6940098B216 /* Info.plist */ = {isa = PBXFileReference; fileEncoding = 4; lastKnownFileType = text.plist.xml; path = Info.plist; sourceTree = "<group>"; };
		8DC2EF5B0486A6940098B216 /* CocoCatKit.framework */ = {isa = PBXFileReference; explicitFileType = wrapper.framework; includeInIndex = 0; path = CocoCatKit.framework; sourceTree = BUILT_PRODUCTS_DIR; };
		D2F7E79907B2D74100F64583 /* CoreData.framework */ = {isa = PBXFileReference; lastKnownFileType = wrapper.framework; name = CoreData.framework; path = /System/Library/Frameworks/CoreData.framework; sourceTree = "<absolute>"; };
/* End PBXFileReference section */

/* Begin PBXFrameworksBuildPhase section */
		8DC2EF560486A6940098B216 /* Frameworks */ = {
			isa = PBXFrameworksBuildPhase;
			buildActionMask = 2147483647;
			files = (
				2163C23D135B637E00AF6544 /* CoreServices.framework in Frameworks */,
				2163C23F135B638800AF6544 /* Foundation.framework in Frameworks */,
				2163C243135B638D00AF6544 /* Security.framework in Frameworks */,
			);
			runOnlyForDeploymentPostprocessing = 0;
		};
/* End PBXFrameworksBuildPhase section */

/* Begin PBXGroup section */
		034768DFFF38A50411DB9C8B /* Products */ = {
			isa = PBXGroup;
			children = (
				8DC2EF5B0486A6940098B216 /* CocoCatKit.framework */,
			);
			name = Products;
			sourceTree = "<group>";
		};
		0867D691FE84028FC02AAC07 /* HttpServlet */ = {
			isa = PBXGroup;
			children = (
				08FB77AEFE84172EC02AAC07 /* Classes */,
				32C88DFF0371C24200C91783 /* Other Sources */,
				089C1665FE841158C02AAC07 /* Resources */,
				0867D69AFE84028FC02AAC07 /* External Frameworks and Libraries */,
				034768DFFF38A50411DB9C8B /* Products */,
				2163C23C135B637E00AF6544 /* CoreServices.framework */,
				2163C23E135B638800AF6544 /* Foundation.framework */,
				2163C242135B638D00AF6544 /* Security.framework */,
			);
			name = HttpServlet;
			sourceTree = "<group>";
		};
		0867D69AFE84028FC02AAC07 /* External Frameworks and Libraries */ = {
			isa = PBXGroup;
			children = (
				1058C7B0FEA5585E11CA2CBB /* Linked Frameworks */,
				1058C7B2FEA5585E11CA2CBB /* Other Frameworks */,
			);
			name = "External Frameworks and Libraries";
			sourceTree = "<group>";
		};
		089C1665FE841158C02AAC07 /* Resources */ = {
			isa = PBXGroup;
			children = (
				8DC2EF5A0486A6940098B216 /* Info.plist */,
			);
			name = Resources;
			sourceTree = "<group>";
		};
		08FB77AEFE84172EC02AAC07 /* Classes */ = {
			isa = PBXGroup;
			children = (
				217F941F138965E400D408E6 /* CKCookie.h */,
				217F9420138965E400D408E6 /* CKCookie.m */,
				217F9421138965E400D408E6 /* CKHttpDefaultPageManager.h */,
				217F9422138965E400D408E6 /* CKHttpDefaultPageManager.m */,
				217F9423138965E400D408E6 /* CKHttpDefaultPageManagers.h */,
				217F9424138965E400D408E6 /* CKHttpServlet.h */,
				217F9425138965E400D408E6 /* CKHttpServlet.m */,
				217F9426138965E400D408E6 /* CKHttpServletManager.h */,
				217F9427138965E400D408E6 /* CKHttpServletManager.m */,
				217F9428138965E400D408E6 /* CKHttpServletOutputStream.h */,
				217F9429138965E400D408E6 /* CKHttpServletOutputStream.m */,
				217F942A138965E400D408E6 /* CKHttpServletRequest.h */,
				217F942B138965E400D408E6 /* CKHttpServletRequest.m */,
				217F942C138965E400D408E6 /* CKHttpServletResponse.h */,
				217F942D138965E400D408E6 /* CKHttpServletResponse.m */,
				217F942E138965E400D408E6 /* CKHttpSession.h */,
				217F942F138965E400D408E6 /* CKHttpSession.m */,
				217F9430138965E400D408E6 /* CKHttpSessionManager.h */,
				217F9431138965E400D408E6 /* CKHttpSessionManager.m */,
				217F9432138965E400D408E6 /* CKServletRequest.h */,
				217F9433138965E400D408E6 /* CKServletRequestDispatcher.h */,
				217F9434138965E400D408E6 /* CKServletRequestDispatcher.m */,
				217F9435138965E400D408E6 /* CKServletResponse.h */,
				210F335D135E324700990051 /* protocol */,
				2163C266135B63F400AF6544 /* Vendor */,
				2197CE2E135F714900B3938F /* CocoCatKit.h */,
			);
			name = Classes;
			sourceTree = "<group>";
		};
		1058C7B0FEA5585E11CA2CBB /* Linked Frameworks */ = {
			isa = PBXGroup;
			children = (
				1058C7B1FEA5585E11CA2CBB /* Cocoa.framework */,
			);
			name = "Linked Frameworks";
			sourceTree = "<group>";
		};
		1058C7B2FEA5585E11CA2CBB /* Other Frameworks */ = {
			isa = PBXGroup;
			children = (
				0867D6A5FE840307C02AAC07 /* AppKit.framework */,
				D2F7E79907B2D74100F64583 /* CoreData.framework */,
				0867D69BFE84028FC02AAC07 /* Foundation.framework */,
			);
			name = "Other Frameworks";
			sourceTree = "<group>";
		};
		210F335D135E324700990051 /* protocol */ = {
			isa = PBXGroup;
			children = (
				217F9413138965D500D408E6 /* CKServletConnection.h */,
				217F9414138965D500D408E6 /* CKServletConnection.m */,
				217F9415138965D500D408E6 /* CKServletRequestMessage.h */,
				217F9416138965D500D408E6 /* CKServletResponseMessage.h */,
				217F9417138965D500D408E6 /* CKServletServer.h */,
				217F9418138965D500D408E6 /* CKServletServer.m */,
				210F335E135E324700990051 /* ajp13 */,
				210F336C135E324700990051 /* http */,
			);
			path = protocol;
			sourceTree = "<group>";
		};
		210F335E135E324700990051 /* ajp13 */ = {
			isa = PBXGroup;
			children = (
				217F93C51389657A00D408E6 /* CKAJP13Connection.h */,
				217F93C61389657A00D408E6 /* CKAJP13Connection.m */,
				217F93C71389657A00D408E6 /* CKAJP13ForwardRequest.h */,
				217F93C81389657A00D408E6 /* CKAJP13ForwardRequest.m */,
				217F93C91389657A00D408E6 /* CKAJP13Response.h */,
				217F93CA1389657A00D408E6 /* CKAJP13Response.m */,
				217F93CB1389657A00D408E6 /* CKAJP13Server.h */,
				217F93CC1389657A00D408E6 /* CKAJP13Server.m */,
			);
			path = ajp13;
			sourceTree = "<group>";
		};
		210F336C135E324700990051 /* http */ = {
			isa = PBXGroup;
			children = (
				217F93D51389658800D408E6 /* CKHttpConnection.h */,
				217F93D61389658800D408E6 /* CKHttpConnection.m */,
				217F93D71389658800D408E6 /* CKHttpRequest.h */,
				217F93D81389658800D408E6 /* CKHttpRequest.m */,
				217F93D91389658800D408E6 /* CKHttpResponse.h */,
				217F93DA1389658800D408E6 /* CKHttpResponse.m */,
				217F93DB1389658800D408E6 /* CKHttpServer.h */,
				217F93DC1389658800D408E6 /* CKHttpServer.m */,
			);
			path = http;
			sourceTree = "<group>";
		};
		2163C266135B63F400AF6544 /* Vendor */ = {
			isa = PBXGroup;
			children = (
				2163C267135B63F400AF6544 /* CocoaAsyncSocket */,
			);
			path = Vendor;
			sourceTree = "<group>";
		};
		2163C267135B63F400AF6544 /* CocoaAsyncSocket */ = {
			isa = PBXGroup;
			children = (
				2163C268135B63F400AF6544 /* GCDAsyncSocket.h */,
				2163C269135B63F400AF6544 /* GCDAsyncSocket.m */,
			);
			path = CocoaAsyncSocket;
			sourceTree = "<group>";
		};
		32C88DFF0371C24200C91783 /* Other Sources */ = {
			isa = PBXGroup;
			children = (
			);
			name = "Other Sources";
			sourceTree = "<group>";
		};
/* End PBXGroup section */

/* Begin PBXHeadersBuildPhase section */
		8DC2EF500486A6940098B216 /* Headers */ = {
			isa = PBXHeadersBuildPhase;
			buildActionMask = 2147483647;
			files = (
				2163C26A135B63F400AF6544 /* GCDAsyncSocket.h in Headers */,
				2197CE2F135F714900B3938F /* CocoCatKit.h in Headers */,
				217F93CD1389657A00D408E6 /* CKAJP13Connection.h in Headers */,
				217F93CF1389657A00D408E6 /* CKAJP13ForwardRequest.h in Headers */,
				217F93D11389657A00D408E6 /* CKAJP13Response.h in Headers */,
				217F93D31389657A00D408E6 /* CKAJP13Server.h in Headers */,
				217F93DD1389658800D408E6 /* CKHttpConnection.h in Headers */,
				217F93DF1389658800D408E6 /* CKHttpRequest.h in Headers */,
				217F93E11389658800D408E6 /* CKHttpResponse.h in Headers */,
				217F93E31389658800D408E6 /* CKHttpServer.h in Headers */,
				217F9419138965D500D408E6 /* CKServletConnection.h in Headers */,
				217F941B138965D500D408E6 /* CKServletRequestMessage.h in Headers */,
				217F941C138965D500D408E6 /* CKServletResponseMessage.h in Headers */,
				217F941D138965D500D408E6 /* CKServletServer.h in Headers */,
				217F9436138965E400D408E6 /* CKCookie.h in Headers */,
				217F9438138965E400D408E6 /* CKHttpDefaultPageManager.h in Headers */,
				217F943A138965E400D408E6 /* CKHttpDefaultPageManagers.h in Headers */,
				217F943B138965E400D408E6 /* CKHttpServlet.h in Headers */,
				217F943D138965E400D408E6 /* CKHttpServletManager.h in Headers */,
				217F943F138965E400D408E6 /* CKHttpServletOutputStream.h in Headers */,
				217F9441138965E400D408E6 /* CKHttpServletRequest.h in Headers */,
				217F9443138965E400D408E6 /* CKHttpServletResponse.h in Headers */,
				217F9445138965E400D408E6 /* CKHttpSession.h in Headers */,
				217F9447138965E400D408E6 /* CKHttpSessionManager.h in Headers */,
				217F9449138965E400D408E6 /* CKServletRequest.h in Headers */,
				217F944A138965E400D408E6 /* CKServletRequestDispatcher.h in Headers */,
				217F944C138965E400D408E6 /* CKServletResponse.h in Headers */,
			);
			runOnlyForDeploymentPostprocessing = 0;
		};
/* End PBXHeadersBuildPhase section */

/* Begin PBXNativeTarget section */
		8DC2EF4F0486A6940098B216 /* CocoCatKit (MacOS x86_64) */ = {
			isa = PBXNativeTarget;
			buildConfigurationList = 1DEB91AD08733DA50010E9CD /* Build configuration list for PBXNativeTarget "CocoCatKit (MacOS x86_64)" */;
			buildPhases = (
				8DC2EF500486A6940098B216 /* Headers */,
				8DC2EF520486A6940098B216 /* Resources */,
				8DC2EF540486A6940098B216 /* Sources */,
				8DC2EF560486A6940098B216 /* Frameworks */,
			);
			buildRules = (
			);
			dependencies = (
			);
			name = "CocoCatKit (MacOS x86_64)";
			productInstallPath = "$(HOME)/Library/Frameworks";
			productName = HttpServlet;
			productReference = 8DC2EF5B0486A6940098B216 /* CocoCatKit.framework */;
			productType = "com.apple.product-type.framework";
		};
/* End PBXNativeTarget section */

/* Begin PBXProject section */
		0867D690FE84028FC02AAC07 /* Project object */ = {
			isa = PBXProject;
			buildConfigurationList = 1DEB91B108733DA50010E9CD /* Build configuration list for PBXProject "CocoCatKit" */;
			compatibilityVersion = "Xcode 3.1";
			developmentRegion = English;
			hasScannedForEncodings = 1;
			knownRegions = (
				English,
				Japanese,
				French,
				German,
				_english,
			);
			mainGroup = 0867D691FE84028FC02AAC07 /* HttpServlet */;
			productRefGroup = 034768DFFF38A50411DB9C8B /* Products */;
			projectDirPath = "";
			projectRoot = "";
			targets = (
				8DC2EF4F0486A6940098B216 /* CocoCatKit (MacOS x86_64) */,
			);
		};
/* End PBXProject section */

/* Begin PBXResourcesBuildPhase section */
		8DC2EF520486A6940098B216 /* Resources */ = {
			isa = PBXResourcesBuildPhase;
			buildActionMask = 2147483647;
			files = (
			);
			runOnlyForDeploymentPostprocessing = 0;
		};
/* End PBXResourcesBuildPhase section */

/* Begin PBXSourcesBuildPhase section */
		8DC2EF540486A6940098B216 /* Sources */ = {
			isa = PBXSourcesBuildPhase;
			buildActionMask = 2147483647;
			files = (
				2163C26B135B63F400AF6544 /* GCDAsyncSocket.m in Sources */,
				217F93CE1389657A00D408E6 /* CKAJP13Connection.m in Sources */,
				217F93D01389657A00D408E6 /* CKAJP13ForwardRequest.m in Sources */,
				217F93D21389657A00D408E6 /* CKAJP13Response.m in Sources */,
				217F93D41389657A00D408E6 /* CKAJP13Server.m in Sources */,
				217F93DE1389658800D408E6 /* CKHttpConnection.m in Sources */,
				217F93E01389658800D408E6 /* CKHttpRequest.m in Sources */,
				217F93E21389658800D408E6 /* CKHttpResponse.m in Sources */,
				217F93E41389658800D408E6 /* CKHttpServer.m in Sources */,
				217F941A138965D500D408E6 /* CKServletConnection.m in Sources */,
				217F941E138965D500D408E6 /* CKServletServer.m in Sources */,
				217F9437138965E400D408E6 /* CKCookie.m in Sources */,
				217F9439138965E400D408E6 /* CKHttpDefaultPageManager.m in Sources */,
				217F943C138965E400D408E6 /* CKHttpServlet.m in Sources */,
				217F943E138965E400D408E6 /* CKHttpServletManager.m in Sources */,
				217F9440138965E400D408E6 /* CKHttpServletOutputStream.m in Sources */,
				217F9442138965E400D408E6 /* CKHttpServletRequest.m in Sources */,
				217F9444138965E400D408E6 /* CKHttpServletResponse.m in Sources */,
				217F9446138965E400D408E6 /* CKHttpSession.m in Sources */,
				217F9448138965E400D408E6 /* CKHttpSessionManager.m in Sources */,
				217F944B138965E400D408E6 /* CKServletRequestDispatcher.m in Sources */,
			);
			runOnlyForDeploymentPostprocessing = 0;
		};
/* End PBXSourcesBuildPhase section */

/* Begin XCBuildConfiguration section */
		1DEB91AE08733DA50010E9CD /* Debug */ = {
			isa = XCBuildConfiguration;
			buildSettings = {
				ALWAYS_SEARCH_USER_PATHS = NO;
				ARCHS = "$(ARCHS_STANDARD_32_64_BIT)";
				COPY_PHASE_STRIP = NO;
				DEPLOYMENT_LOCATION = YES;
				DEPLOYMENT_POSTPROCESSING = YES;
				DSTROOT = /;
				DYLIB_COMPATIBILITY_VERSION = 1;
				DYLIB_CURRENT_VERSION = 1;
				FRAMEWORK_VERSION = A;
				GCC_DYNAMIC_NO_PIC = NO;
				GCC_ENABLE_FIX_AND_CONTINUE = YES;
				GCC_MODEL_TUNING = G5;
				GCC_OPTIMIZATION_LEVEL = 0;
				GCC_PRECOMPILE_PREFIX_HEADER = YES;
				INFOPLIST_FILE = Info.plist;
				INSTALL_MODE_FLAG = "og-w,a+rX";
				INSTALL_PATH = /Developer/CocoCat/1.0/MacOS/x86_64/Frameworks;
				PRODUCT_NAME = CocoCatKit;
				SYMROOT = build/MacOS/x86_64;
				WRAPPER_EXTENSION = framework;
			};
			name = Debug;
		};
		1DEB91AF08733DA50010E9CD /* Release */ = {
			isa = XCBuildConfiguration;
			buildSettings = {
				ALWAYS_SEARCH_USER_PATHS = NO;
				ARCHS = "$(ARCHS_STANDARD_32_64_BIT)";
				DEBUG_INFORMATION_FORMAT = "dwarf-with-dsym";
				DEPLOYMENT_LOCATION = YES;
				DEPLOYMENT_POSTPROCESSING = YES;
				DSTROOT = /;
				DYLIB_COMPATIBILITY_VERSION = 1;
				DYLIB_CURRENT_VERSION = 1;
				FRAMEWORK_VERSION = A;
				GCC_MODEL_TUNING = G5;
				GCC_PRECOMPILE_PREFIX_HEADER = YES;
				INFOPLIST_FILE = Info.plist;
				INSTALL_MODE_FLAG = "og-w,a+rX";
				INSTALL_PATH = /Developer/CocoCat/1.0/MacOS/x86_64/Frameworks;
				PRODUCT_NAME = CocoCatKit;
				SYMROOT = build/MacOS/x86_64;
				WRAPPER_EXTENSION = framework;
			};
			name = Release;
		};
		1DEB91B208733DA50010E9CD /* Debug */ = {
			isa = XCBuildConfiguration;
			buildSettings = {
				ARCHS = "$(ARCHS_STANDARD_32_64_BIT)";
				GCC_C_LANGUAGE_STANDARD = gnu99;
				GCC_OPTIMIZATION_LEVEL = 0;
				GCC_WARN_ABOUT_RETURN_TYPE = YES;
				GCC_WARN_UNUSED_VARIABLE = YES;
				ONLY_ACTIVE_ARCH = YES;
				PREBINDING = NO;
				SDKROOT = macosx10.6;
			};
			name = Debug;
		};
		1DEB91B308733DA50010E9CD /* Release */ = {
			isa = XCBuildConfiguration;
			buildSettings = {
				ARCHS = "$(ARCHS_STANDARD_32_64_BIT)";
				GCC_C_LANGUAGE_STANDARD = gnu99;
				GCC_WARN_ABOUT_RETURN_TYPE = YES;
				GCC_WARN_UNUSED_VARIABLE = YES;
				PREBINDING = NO;
				SDKROOT = macosx10.6;
			};
			name = Release;
		};
/* End XCBuildConfiguration section */

/* Begin XCConfigurationList section */
		1DEB91AD08733DA50010E9CD /* Build configuration list for PBXNativeTarget "CocoCatKit (MacOS x86_64)" */ = {
			isa = XCConfigurationList;
			buildConfigurations = (
				1DEB91AE08733DA50010E9CD /* Debug */,
				1DEB91AF08733DA50010E9CD /* Release */,
			);
			defaultConfigurationIsVisible = 0;
			defaultConfigurationName = Release;
		};
		1DEB91B108733DA50010E9CD /* Build configuration list for PBXProject "CocoCatKit" */ = {
			isa = XCConfigurationList;
			buildConfigurations = (
				1DEB91B208733DA50010E9CD /* Debug */,
				1DEB91B308733DA50010E9CD /* Release */,
			);
			defaultConfigurationIsVisible = 0;
			defaultConfigurationName = Release;
		};
/* End XCConfigurationList section */
	};
	rootObject = 0867D690FE84028FC02AAC07 /* Project object */;
}
