// !$*UTF8*$!
{
	archiveVersion = 1;
	classes = {
	};
	objectVersion = 45;
	objects = {

/* Begin PBXBuildFile section */
		2163C23D135B637E00AF6544 /* CoreServices.framework in Frameworks */ = {isa = PBXBuildFile; fileRef = 2163C23C135B637E00AF6544 /* CoreServices.framework */; };
		2163C23F135B638800AF6544 /* Foundation.framework in Frameworks */ = {isa = PBXBuildFile; fileRef = 2163C23E135B638800AF6544 /* Foundation.framework */; };
		2163C243135B638D00AF6544 /* Security.framework in Frameworks */ = {isa = PBXBuildFile; fileRef = 2163C242135B638D00AF6544 /* Security.framework */; };
		2163C26A135B63F400AF6544 /* GCDAsyncSocket.h in Headers */ = {isa = PBXBuildFile; fileRef = 2163C268135B63F400AF6544 /* GCDAsyncSocket.h */; };
		2163C26B135B63F400AF6544 /* GCDAsyncSocket.m in Sources */ = {isa = PBXBuildFile; fileRef = 2163C269135B63F400AF6544 /* GCDAsyncSocket.m */; };
		217F93CD1389657A00D408E6 /* CKAJP13Connection.h in Headers */ = {isa = PBXBuildFile; fileRef = 217F93C51389657A00D408E6 /* CKAJP13Connection.h */; };
		217F93CE1389657A00D408E6 /* CKAJP13Connection.m in Sources */ = {isa = PBXBuildFile; fileRef = 217F93C61389657A00D408E6 /* CKAJP13Connection.m */; };
		217F93CF1389657A00D408E6 /* CKAJP13ForwardRequest.h in Headers */ = {isa = PBXBuildFile; fileRef = 217F93C71389657A00D408E6 /* CKAJP13ForwardRequest.h */; };
		217F93D01389657A00D408E6 /* CKAJP13ForwardRequest.m in Sources */ = {isa = PBXBuildFile; fileRef = 217F93C81389657A00D408E6 /* CKAJP13ForwardRequest.m */; };
		217F93D11389657A00D408E6 /* CKAJP13Response.h in Headers */ = {isa = PBXBuildFile; fileRef = 217F93C91389657A00D408E6 /* CKAJP13Response.h */; };
		217F93D21389657A00D408E6 /* CKAJP13Response.m in Sources */ = {isa = PBXBuildFile; fileRef = 217F93CA1389657A00D408E6 /* CKAJP13Response.m */; };
		217F93D31389657A00D408E6 /* CKAJP13Server.h in Headers */ = {isa = PBXBuildFile; fileRef = 217F93CB1389657A00D408E6 /* CKAJP13Server.h */; settings = {ATTRIBUTES = (Public, ); }; };
		217F93D41389657A00D408E6 /* CKAJP13Server.m in Sources */ = {isa = PBXBuildFile; fileRef = 217F93CC1389657A00D408E6 /* CKAJP13Server.m */; };
		217F93DD1389658800D408E6 /* CKHttpConnection.h in Headers */ = {isa = PBXBuildFile; fileRef = 217F93D51389658800D408E6 /* CKHttpConnection.h */; };
		217F93DE1389658800D408E6 /* CKHttpConnection.m in Sources */ = {isa = PBXBuildFile; fileRef = 217F93D61389658800D408E6 /* CKHttpConnection.m */; };
		217F93DF1389658800D408E6 /* CKHttpRequest.h in Headers */ = {isa = PBXBuildFile; fileRef = 217F93D71389658800D408E6 /* CKHttpRequest.h */; };
		217F93E01389658800D408E6 /* CKHttpRequest.m in Sources */ = {isa = PBXBuildFile; fileRef = 217F93D81389658800D408E6 /* CKHttpRequest.m */; };
		217F93E11389658800D408E6 /* CKHttpResponse.h in Headers */ = {isa = PBXBuildFile; fileRef = 217F93D91389658800D408E6 /* CKHttpResponse.h */; };
		217F93E21389658800D408E6 /* CKHttpResponse.m in Sources */ = {isa = PBXBuildFile; fileRef = 217F93DA1389658800D408E6 /* CKHttpResponse.m */; };
		217F93E31389658800D408E6 /* CKHttpServer.h in Headers */ = {isa = PBXBuildFile; fileRef = 217F93DB1389658800D408E6 /* CKHttpServer.h */; settings = {ATTRIBUTES = (Public, ); }; };
		217F93E41389658800D408E6 /* CKHttpServer.m in Sources */ = {isa = PBXBuildFile; fileRef = 217F93DC1389658800D408E6 /* CKHttpServer.m */; };
		217F9419138965D500D408E6 /* CKServletConnection.h in Headers */ = {isa = PBXBuildFile; fileRef = 217F9413138965D500D408E6 /* CKServletConnection.h */; };
		217F941A138965D500D408E6 /* CKServletConnection.m in Sources */ = {isa = PBXBuildFile; fileRef = 217F9414138965D500D408E6 /* CKServletConnection.m */; };
		217F941B138965D500D408E6 /* CKServletRequestMessage.h in Headers */ = {isa = PBXBuildFile; fileRef = 217F9415138965D500D408E6 /* CKServletRequestMessage.h */; };
		217F941C138965D500D408E6 /* CKServletResponseMessage.h in Headers */ = {isa = PBXBuildFile; fileRef = 217F9416138965D500D408E6 /* CKServletResponseMessage.h */; };
		217F941D138965D500D408E6 /* CKServletServer.h in Headers */ = {isa = PBXBuildFile; fileRef = 217F9417138965D500D408E6 /* CKServletServer.h */; settings = {ATTRIBUTES = (Public, ); }; };
		217F941E138965D500D408E6 /* CKServletServer.m in Sources */ = {isa = PBXBuildFile; fileRef = 217F9418138965D500D408E6 /* CKServletServer.m */; };
		217F9436138965E400D408E6 /* CKCookie.h in Headers */ = {isa = PBXBuildFile; fileRef = 217F941F138965E400D408E6 /* CKCookie.h */; settings = {ATTRIBUTES = (Public, ); }; };
		217F9437138965E400D408E6 /* CKCookie.m in Sources */ = {isa = PBXBuildFile; fileRef = 217F9420138965E400D408E6 /* CKCookie.m */; };
		217F9438138965E400D408E6 /* CKHttpDefaultPageManager.h in Headers */ = {isa = PBXBuildFile; fileRef = 217F9421138965E400D408E6 /* CKHttpDefaultPageManager.h */; settings = {ATTRIBUTES = (Public, ); }; };
		217F9439138965E400D408E6 /* CKHttpDefaultPageManager.m in Sources */ = {isa = PBXBuildFile; fileRef = 217F9422138965E400D408E6 /* CKHttpDefaultPageManager.m */; };
		217F943A138965E400D408E6 /* CKHttpDefaultPageManagers.h in Headers */ = {isa = PBXBuildFile; fileRef = 217F9423138965E400D408E6 /* CKHttpDefaultPageManagers.h */; settings = {ATTRIBUTES = (Public, ); }; };
		217F943B138965E400D408E6 /* CKHttpServlet.h in Headers */ = {isa = PBXBuildFile; fileRef = 217F9424138965E400D408E6 /* CKHttpServlet.h */; settings = {ATTRIBUTES = (Public, ); }; };
		217F943C138965E400D408E6 /* CKHttpServlet.m in Sources */ = {isa = PBXBuildFile; fileRef = 217F9425138965E400D408E6 /* CKHttpServlet.m */; };
		217F943D138965E400D408E6 /* CKHttpServletManager.h in Headers */ = {isa = PBXBuildFile; fileRef = 217F9426138965E400D408E6 /* CKHttpServletManager.h */; settings = {ATTRIBUTES = (Public, ); }; };
		217F943E138965E400D408E6 /* CKHttpServletManager.m in Sources */ = {isa = PBXBuildFile; fileRef = 217F9427138965E400D408E6 /* CKHttpServletManager.m */; };
		217F943F138965E400D408E6 /* CKHttpServletOutputStream.h in Headers */ = {isa = PBXBuildFile; fileRef = 217F9428138965E400D408E6 /* CKHttpServletOutputStream.h */; settings = {ATTRIBUTES = (Public, ); }; };
		217F9440138965E400D408E6 /* CKHttpServletOutputStream.m in Sources */ = {isa = PBXBuildFile; fileRef = 217F9429138965E400D408E6 /* CKHttpServletOutputStream.m */; };
		217F9441138965E400D408E6 /* CKHttpServletRequest.h in Headers */ = {isa = PBXBuildFile; fileRef = 217F942A138965E400D408E6 /* CKHttpServletRequest.h */; settings = {ATTRIBUTES = (Public, ); }; };
		217F9442138965E400D408E6 /* CKHttpServletRequest.m in Sources */ = {isa = PBXBuildFile; fileRef = 217F942B138965E400D408E6 /* CKHttpServletRequest.m */; };
		217F9443138965E400D408E6 /* CKHttpServletResponse.h in Headers */ = {isa = PBXBuildFile; fileRef = 217F942C138965E400D408E6 /* CKHttpServletResponse.h */; settings = {ATTRIBUTES = (Public, ); }; };
		217F9444138965E400D408E6 /* CKHttpServletResponse.m in Sources */ = {isa = PBXBuildFile; fileRef = 217F942D138965E400D408E6 /* CKHttpServletResponse.m */; };
		217F9445138965E400D408E6 /* CKHttpSession.h in Headers */ = {isa = PBXBuildFile; fileRef = 217F942E138965E400D408E6 /* CKHttpSession.h */; settings = {ATTRIBUTES = (Public, ); }; };
		217F9446138965E400D408E6 /* CKHttpSession.m in Sources */ = {isa = PBXBuildFile; fileRef = 217F942F138965E400D408E6 /* CKHttpSession.m */; };
		217F9447138965E400D408E6 /* CKHttpSessionManager.h in Headers */ = {isa = PBXBuildFile; fileRef = 217F9430138965E400D408E6 /* CKHttpSessionManager.h */; settings = {ATTRIBUTES = (Public, ); }; };
		217F9448138965E400D408E6 /* CKHttpSessionManager.m in Sources */ = {isa = PBXBuildFile; fileRef = 217F9431138965E400D408E6 /* CKHttpSessionManager.m */; };
		217F9449138965E400D408E6 /* CKServletRequest.h in Headers */ = {isa = PBXBuildFile; fileRef = 217F9432138965E400D408E6 /* CKServletRequest.h */; settings = {ATTRIBUTES = (Public, ); }; };
		217F944A138965E400D408E6 /* CKServletRequestDispatcher.h in Headers */ = {isa = PBXBuildFile; fileRef = 217F9433138965E400D408E6 /* CKServletRequestDispatcher.h */; };
		217F944B138965E400D408E6 /* CKServletRequestDispatcher.m in Sources */ = {isa = PBXBuildFile; fileRef = 217F9434138965E400D408E6 /* CKServletRequestDispatcher.m */; };
		217F944C138965E400D408E6 /* CKServletResponse.h in Headers */ = {isa = PBXBuildFile; fileRef = 217F9435138965E400D408E6 /* CKServletResponse.h */; settings = {ATTRIBUTES = (Public, ); }; };
		2197CE2F135F714900B3938F /* CocoCatKit.h in Headers */ = {isa = PBXBuildFile; fileRef = 2197CE2E135F714900B3938F /* CocoCatKit.h */; settings = {ATTRIBUTES = (Public, ); }; };
		21BE7FAD139A4D3800301793 /* GCDAsyncSocket.h in Headers */ = {isa = PBXBuildFile; fileRef = 2163C268135B63F400AF6544 /* GCDAsyncSocket.h */; };
		21BE7FAE139A4D3800301793 /* CocoCatKit.h in Headers */ = {isa = PBXBuildFile; fileRef = 2197CE2E135F714900B3938F /* CocoCatKit.h */; settings = {ATTRIBUTES = (Public, ); }; };
		21BE7FAF139A4D3800301793 /* CKAJP13Connection.h in Headers */ = {isa = PBXBuildFile; fileRef = 217F93C51389657A00D408E6 /* CKAJP13Connection.h */; };
		21BE7FB0139A4D3800301793 /* CKAJP13ForwardRequest.h in Headers */ = {isa = PBXBuildFile; fileRef = 217F93C71389657A00D408E6 /* CKAJP13ForwardRequest.h */; };
		21BE7FB1139A4D3800301793 /* CKAJP13Response.h in Headers */ = {isa = PBXBuildFile; fileRef = 217F93C91389657A00D408E6 /* CKAJP13Response.h */; };
		21BE7FB2139A4D3800301793 /* CKAJP13Server.h in Headers */ = {isa = PBXBuildFile; fileRef = 217F93CB1389657A00D408E6 /* CKAJP13Server.h */; settings = {ATTRIBUTES = (Public, ); }; };
		21BE7FB3139A4D3800301793 /* CKHttpConnection.h in Headers */ = {isa = PBXBuildFile; fileRef = 217F93D51389658800D408E6 /* CKHttpConnection.h */; };
		21BE7FB4139A4D3800301793 /* CKHttpRequest.h in Headers */ = {isa = PBXBuildFile; fileRef = 217F93D71389658800D408E6 /* CKHttpRequest.h */; };
		21BE7FB5139A4D3800301793 /* CKHttpResponse.h in Headers */ = {isa = PBXBuildFile; fileRef = 217F93D91389658800D408E6 /* CKHttpResponse.h */; };
		21BE7FB6139A4D3800301793 /* CKHttpServer.h in Headers */ = {isa = PBXBuildFile; fileRef = 217F93DB1389658800D408E6 /* CKHttpServer.h */; settings = {ATTRIBUTES = (Public, ); }; };
		21BE7FB7139A4D3800301793 /* CKServletConnection.h in Headers */ = {isa = PBXBuildFile; fileRef = 217F9413138965D500D408E6 /* CKServletConnection.h */; };
		21BE7FB8139A4D3800301793 /* CKServletRequestMessage.h in Headers */ = {isa = PBXBuildFile; fileRef = 217F9415138965D500D408E6 /* CKServletRequestMessage.h */; };
		21BE7FB9139A4D3800301793 /* CKServletResponseMessage.h in Headers */ = {isa = PBXBuildFile; fileRef = 217F9416138965D500D408E6 /* CKServletResponseMessage.h */; };
		21BE7FBA139A4D3800301793 /* CKServletServer.h in Headers */ = {isa = PBXBuildFile; fileRef = 217F9417138965D500D408E6 /* CKServletServer.h */; settings = {ATTRIBUTES = (Public, ); }; };
		21BE7FBB139A4D3800301793 /* CKCookie.h in Headers */ = {isa = PBXBuildFile; fileRef = 217F941F138965E400D408E6 /* CKCookie.h */; settings = {ATTRIBUTES = (Public, ); }; };
		21BE7FBC139A4D3800301793 /* CKHttpDefaultPageManager.h in Headers */ = {isa = PBXBuildFile; fileRef = 217F9421138965E400D408E6 /* CKHttpDefaultPageManager.h */; settings = {ATTRIBUTES = (Public, ); }; };
		21BE7FBD139A4D3800301793 /* CKHttpDefaultPageManagers.h in Headers */ = {isa = PBXBuildFile; fileRef = 217F9423138965E400D408E6 /* CKHttpDefaultPageManagers.h */; settings = {ATTRIBUTES = (Public, ); }; };
		21BE7FBE139A4D3800301793 /* CKHttpServlet.h in Headers */ = {isa = PBXBuildFile; fileRef = 217F9424138965E400D408E6 /* CKHttpServlet.h */; settings = {ATTRIBUTES = (Public, ); }; };
		21BE7FBF139A4D3800301793 /* CKHttpServletManager.h in Headers */ = {isa = PBXBuildFile; fileRef = 217F9426138965E400D408E6 /* CKHttpServletManager.h */; settings = {ATTRIBUTES = (Public, ); }; };
		21BE7FC0139A4D3800301793 /* CKHttpServletOutputStream.h in Headers */ = {isa = PBXBuildFile; fileRef = 217F9428138965E400D408E6 /* CKHttpServletOutputStream.h */; settings = {ATTRIBUTES = (Public, ); }; };
		21BE7FC1139A4D3800301793 /* CKHttpServletRequest.h in Headers */ = {isa = PBXBuildFile; fileRef = 217F942A138965E400D408E6 /* CKHttpServletRequest.h */; settings = {ATTRIBUTES = (Public, ); }; };
		21BE7FC2139A4D3800301793 /* CKHttpServletResponse.h in Headers */ = {isa = PBXBuildFile; fileRef = 217F942C138965E400D408E6 /* CKHttpServletResponse.h */; settings = {ATTRIBUTES = (Public, ); }; };
		21BE7FC3139A4D3800301793 /* CKHttpSession.h in Headers */ = {isa = PBXBuildFile; fileRef = 217F942E138965E400D408E6 /* CKHttpSession.h */; settings = {ATTRIBUTES = (Public, ); }; };
		21BE7FC4139A4D3800301793 /* CKHttpSessionManager.h in Headers */ = {isa = PBXBuildFile; fileRef = 217F9430138965E400D408E6 /* CKHttpSessionManager.h */; settings = {ATTRIBUTES = (Public, ); }; };
		21BE7FC5139A4D3800301793 /* CKServletRequest.h in Headers */ = {isa = PBXBuildFile; fileRef = 217F9432138965E400D408E6 /* CKServletRequest.h */; settings = {ATTRIBUTES = (Public, ); }; };
		21BE7FC6139A4D3800301793 /* CKServletRequestDispatcher.h in Headers */ = {isa = PBXBuildFile; fileRef = 217F9433138965E400D408E6 /* CKServletRequestDispatcher.h */; };
		21BE7FC7139A4D3800301793 /* CKServletResponse.h in Headers */ = {isa = PBXBuildFile; fileRef = 217F9435138965E400D408E6 /* CKServletResponse.h */; settings = {ATTRIBUTES = (Public, ); }; };
		21BE7FC8139A4D3800301793 /* AsyncSocket.h in Headers */ = {isa = PBXBuildFile; fileRef = D193FBA21399927A00D2F4CF /* AsyncSocket.h */; };
		21BE7FCC139A4D3800301793 /* CKAJP13Connection.m in Sources */ = {isa = PBXBuildFile; fileRef = 217F93C61389657A00D408E6 /* CKAJP13Connection.m */; };
		21BE7FCD139A4D3800301793 /* CKAJP13ForwardRequest.m in Sources */ = {isa = PBXBuildFile; fileRef = 217F93C81389657A00D408E6 /* CKAJP13ForwardRequest.m */; };
		21BE7FCE139A4D3800301793 /* CKAJP13Response.m in Sources */ = {isa = PBXBuildFile; fileRef = 217F93CA1389657A00D408E6 /* CKAJP13Response.m */; };
		21BE7FCF139A4D3800301793 /* CKAJP13Server.m in Sources */ = {isa = PBXBuildFile; fileRef = 217F93CC1389657A00D408E6 /* CKAJP13Server.m */; };
		21BE7FD0139A4D3800301793 /* CKHttpConnection.m in Sources */ = {isa = PBXBuildFile; fileRef = 217F93D61389658800D408E6 /* CKHttpConnection.m */; };
		21BE7FD1139A4D3800301793 /* CKHttpRequest.m in Sources */ = {isa = PBXBuildFile; fileRef = 217F93D81389658800D408E6 /* CKHttpRequest.m */; };
		21BE7FD2139A4D3800301793 /* CKHttpResponse.m in Sources */ = {isa = PBXBuildFile; fileRef = 217F93DA1389658800D408E6 /* CKHttpResponse.m */; };
		21BE7FD3139A4D3800301793 /* CKHttpServer.m in Sources */ = {isa = PBXBuildFile; fileRef = 217F93DC1389658800D408E6 /* CKHttpServer.m */; };
		21BE7FD4139A4D3800301793 /* CKServletConnection.m in Sources */ = {isa = PBXBuildFile; fileRef = 217F9414138965D500D408E6 /* CKServletConnection.m */; };
		21BE7FD5139A4D3800301793 /* CKServletServer.m in Sources */ = {isa = PBXBuildFile; fileRef = 217F9418138965D500D408E6 /* CKServletServer.m */; };
		21BE7FD6139A4D3800301793 /* CKCookie.m in Sources */ = {isa = PBXBuildFile; fileRef = 217F9420138965E400D408E6 /* CKCookie.m */; };
		21BE7FD7139A4D3800301793 /* CKHttpDefaultPageManager.m in Sources */ = {isa = PBXBuildFile; fileRef = 217F9422138965E400D408E6 /* CKHttpDefaultPageManager.m */; };
		21BE7FD8139A4D3800301793 /* CKHttpServlet.m in Sources */ = {isa = PBXBuildFile; fileRef = 217F9425138965E400D408E6 /* CKHttpServlet.m */; };
		21BE7FD9139A4D3800301793 /* CKHttpServletManager.m in Sources */ = {isa = PBXBuildFile; fileRef = 217F9427138965E400D408E6 /* CKHttpServletManager.m */; };
		21BE7FDA139A4D3800301793 /* CKHttpServletOutputStream.m in Sources */ = {isa = PBXBuildFile; fileRef = 217F9429138965E400D408E6 /* CKHttpServletOutputStream.m */; };
		21BE7FDB139A4D3800301793 /* CKHttpServletRequest.m in Sources */ = {isa = PBXBuildFile; fileRef = 217F942B138965E400D408E6 /* CKHttpServletRequest.m */; };
		21BE7FDC139A4D3800301793 /* CKHttpServletResponse.m in Sources */ = {isa = PBXBuildFile; fileRef = 217F942D138965E400D408E6 /* CKHttpServletResponse.m */; };
		21BE7FDD139A4D3800301793 /* CKHttpSession.m in Sources */ = {isa = PBXBuildFile; fileRef = 217F942F138965E400D408E6 /* CKHttpSession.m */; };
		21BE7FDE139A4D3800301793 /* CKHttpSessionManager.m in Sources */ = {isa = PBXBuildFile; fileRef = 217F9431138965E400D408E6 /* CKHttpSessionManager.m */; };
		21BE7FDF139A4D3800301793 /* CKServletRequestDispatcher.m in Sources */ = {isa = PBXBuildFile; fileRef = 217F9434138965E400D408E6 /* CKServletRequestDispatcher.m */; };
		21BE7FE0139A4D3800301793 /* AsyncSocket.m in Sources */ = {isa = PBXBuildFile; fileRef = D193FBA31399927A00D2F4CF /* AsyncSocket.m */; };
		21CFD358139A508B008CD904 /* Foundation.framework in Frameworks */ = {isa = PBXBuildFile; fileRef = 21CFD357139A508B008CD904 /* Foundation.framework */; };
		21CFD371139A51CE008CD904 /* CKSocket.h in Headers */ = {isa = PBXBuildFile; fileRef = 21CFD370139A51CE008CD904 /* CKSocket.h */; settings = {ATTRIBUTES = (Public, ); }; };
		21CFD393139A528D008CD904 /* CKSocket.h in Headers */ = {isa = PBXBuildFile; fileRef = 21CFD370139A51CE008CD904 /* CKSocket.h */; settings = {ATTRIBUTES = (Public, ); }; };
		21CFD4BA139A67A5008CD904 /* GCDAsyncSocket.h in Headers */ = {isa = PBXBuildFile; fileRef = 2163C268135B63F400AF6544 /* GCDAsyncSocket.h */; };
		21CFD4BB139A67A5008CD904 /* CocoCatKit.h in Headers */ = {isa = PBXBuildFile; fileRef = 2197CE2E135F714900B3938F /* CocoCatKit.h */; settings = {ATTRIBUTES = (Public, ); }; };
		21CFD4BC139A67A5008CD904 /* CKAJP13Connection.h in Headers */ = {isa = PBXBuildFile; fileRef = 217F93C51389657A00D408E6 /* CKAJP13Connection.h */; };
		21CFD4BD139A67A5008CD904 /* CKAJP13ForwardRequest.h in Headers */ = {isa = PBXBuildFile; fileRef = 217F93C71389657A00D408E6 /* CKAJP13ForwardRequest.h */; };
		21CFD4BE139A67A5008CD904 /* CKAJP13Response.h in Headers */ = {isa = PBXBuildFile; fileRef = 217F93C91389657A00D408E6 /* CKAJP13Response.h */; };
		21CFD4BF139A67A5008CD904 /* CKAJP13Server.h in Headers */ = {isa = PBXBuildFile; fileRef = 217F93CB1389657A00D408E6 /* CKAJP13Server.h */; settings = {ATTRIBUTES = (Public, ); }; };
		21CFD4C0139A67A5008CD904 /* CKHttpConnection.h in Headers */ = {isa = PBXBuildFile; fileRef = 217F93D51389658800D408E6 /* CKHttpConnection.h */; };
		21CFD4C1139A67A5008CD904 /* CKHttpRequest.h in Headers */ = {isa = PBXBuildFile; fileRef = 217F93D71389658800D408E6 /* CKHttpRequest.h */; };
		21CFD4C2139A67A5008CD904 /* CKHttpResponse.h in Headers */ = {isa = PBXBuildFile; fileRef = 217F93D91389658800D408E6 /* CKHttpResponse.h */; };
		21CFD4C3139A67A5008CD904 /* CKHttpServer.h in Headers */ = {isa = PBXBuildFile; fileRef = 217F93DB1389658800D408E6 /* CKHttpServer.h */; settings = {ATTRIBUTES = (Public, ); }; };
		21CFD4C4139A67A5008CD904 /* CKServletConnection.h in Headers */ = {isa = PBXBuildFile; fileRef = 217F9413138965D500D408E6 /* CKServletConnection.h */; };
		21CFD4C5139A67A5008CD904 /* CKServletRequestMessage.h in Headers */ = {isa = PBXBuildFile; fileRef = 217F9415138965D500D408E6 /* CKServletRequestMessage.h */; };
		21CFD4C6139A67A5008CD904 /* CKServletResponseMessage.h in Headers */ = {isa = PBXBuildFile; fileRef = 217F9416138965D500D408E6 /* CKServletResponseMessage.h */; };
		21CFD4C7139A67A5008CD904 /* CKServletServer.h in Headers */ = {isa = PBXBuildFile; fileRef = 217F9417138965D500D408E6 /* CKServletServer.h */; settings = {ATTRIBUTES = (Public, ); }; };
		21CFD4C8139A67A5008CD904 /* CKCookie.h in Headers */ = {isa = PBXBuildFile; fileRef = 217F941F138965E400D408E6 /* CKCookie.h */; settings = {ATTRIBUTES = (Public, ); }; };
		21CFD4C9139A67A5008CD904 /* CKHttpDefaultPageManager.h in Headers */ = {isa = PBXBuildFile; fileRef = 217F9421138965E400D408E6 /* CKHttpDefaultPageManager.h */; settings = {ATTRIBUTES = (Public, ); }; };
		21CFD4CA139A67A5008CD904 /* CKHttpDefaultPageManagers.h in Headers */ = {isa = PBXBuildFile; fileRef = 217F9423138965E400D408E6 /* CKHttpDefaultPageManagers.h */; settings = {ATTRIBUTES = (Public, ); }; };
		21CFD4CB139A67A5008CD904 /* CKHttpServlet.h in Headers */ = {isa = PBXBuildFile; fileRef = 217F9424138965E400D408E6 /* CKHttpServlet.h */; settings = {ATTRIBUTES = (Public, ); }; };
		21CFD4CC139A67A5008CD904 /* CKHttpServletManager.h in Headers */ = {isa = PBXBuildFile; fileRef = 217F9426138965E400D408E6 /* CKHttpServletManager.h */; settings = {ATTRIBUTES = (Public, ); }; };
		21CFD4CD139A67A5008CD904 /* CKHttpServletOutputStream.h in Headers */ = {isa = PBXBuildFile; fileRef = 217F9428138965E400D408E6 /* CKHttpServletOutputStream.h */; settings = {ATTRIBUTES = (Public, ); }; };
		21CFD4CE139A67A5008CD904 /* CKHttpServletRequest.h in Headers */ = {isa = PBXBuildFile; fileRef = 217F942A138965E400D408E6 /* CKHttpServletRequest.h */; settings = {ATTRIBUTES = (Public, ); }; };
		21CFD4CF139A67A5008CD904 /* CKHttpServletResponse.h in Headers */ = {isa = PBXBuildFile; fileRef = 217F942C138965E400D408E6 /* CKHttpServletResponse.h */; settings = {ATTRIBUTES = (Public, ); }; };
		21CFD4D0139A67A5008CD904 /* CKHttpSession.h in Headers */ = {isa = PBXBuildFile; fileRef = 217F942E138965E400D408E6 /* CKHttpSession.h */; settings = {ATTRIBUTES = (Public, ); }; };
		21CFD4D1139A67A5008CD904 /* CKHttpSessionManager.h in Headers */ = {isa = PBXBuildFile; fileRef = 217F9430138965E400D408E6 /* CKHttpSessionManager.h */; settings = {ATTRIBUTES = (Public, ); }; };
		21CFD4D2139A67A5008CD904 /* CKServletRequest.h in Headers */ = {isa = PBXBuildFile; fileRef = 217F9432138965E400D408E6 /* CKServletRequest.h */; settings = {ATTRIBUTES = (Public, ); }; };
		21CFD4D3139A67A5008CD904 /* CKServletRequestDispatcher.h in Headers */ = {isa = PBXBuildFile; fileRef = 217F9433138965E400D408E6 /* CKServletRequestDispatcher.h */; };
		21CFD4D4139A67A5008CD904 /* CKServletResponse.h in Headers */ = {isa = PBXBuildFile; fileRef = 217F9435138965E400D408E6 /* CKServletResponse.h */; settings = {ATTRIBUTES = (Public, ); }; };
		21CFD4D5139A67A5008CD904 /* AsyncSocket.h in Headers */ = {isa = PBXBuildFile; fileRef = D193FBA21399927A00D2F4CF /* AsyncSocket.h */; };
		21CFD4D6139A67A5008CD904 /* CKSocket.h in Headers */ = {isa = PBXBuildFile; fileRef = 21CFD370139A51CE008CD904 /* CKSocket.h */; settings = {ATTRIBUTES = (Public, ); }; };
		21CFD4DA139A67A5008CD904 /* CKAJP13Connection.m in Sources */ = {isa = PBXBuildFile; fileRef = 217F93C61389657A00D408E6 /* CKAJP13Connection.m */; };
		21CFD4DB139A67A5008CD904 /* CKAJP13ForwardRequest.m in Sources */ = {isa = PBXBuildFile; fileRef = 217F93C81389657A00D408E6 /* CKAJP13ForwardRequest.m */; };
		21CFD4DC139A67A5008CD904 /* CKAJP13Response.m in Sources */ = {isa = PBXBuildFile; fileRef = 217F93CA1389657A00D408E6 /* CKAJP13Response.m */; };
		21CFD4DD139A67A5008CD904 /* CKAJP13Server.m in Sources */ = {isa = PBXBuildFile; fileRef = 217F93CC1389657A00D408E6 /* CKAJP13Server.m */; };
		21CFD4DE139A67A5008CD904 /* CKHttpConnection.m in Sources */ = {isa = PBXBuildFile; fileRef = 217F93D61389658800D408E6 /* CKHttpConnection.m */; };
		21CFD4DF139A67A5008CD904 /* CKHttpRequest.m in Sources */ = {isa = PBXBuildFile; fileRef = 217F93D81389658800D408E6 /* CKHttpRequest.m */; };
		21CFD4E0139A67A5008CD904 /* CKHttpResponse.m in Sources */ = {isa = PBXBuildFile; fileRef = 217F93DA1389658800D408E6 /* CKHttpResponse.m */; };
		21CFD4E1139A67A5008CD904 /* CKHttpServer.m in Sources */ = {isa = PBXBuildFile; fileRef = 217F93DC1389658800D408E6 /* CKHttpServer.m */; };
		21CFD4E2139A67A5008CD904 /* CKServletConnection.m in Sources */ = {isa = PBXBuildFile; fileRef = 217F9414138965D500D408E6 /* CKServletConnection.m */; };
		21CFD4E3139A67A5008CD904 /* CKServletServer.m in Sources */ = {isa = PBXBuildFile; fileRef = 217F9418138965D500D408E6 /* CKServletServer.m */; };
		21CFD4E4139A67A5008CD904 /* CKCookie.m in Sources */ = {isa = PBXBuildFile; fileRef = 217F9420138965E400D408E6 /* CKCookie.m */; };
		21CFD4E5139A67A5008CD904 /* CKHttpDefaultPageManager.m in Sources */ = {isa = PBXBuildFile; fileRef = 217F9422138965E400D408E6 /* CKHttpDefaultPageManager.m */; };
		21CFD4E6139A67A5008CD904 /* CKHttpServlet.m in Sources */ = {isa = PBXBuildFile; fileRef = 217F9425138965E400D408E6 /* CKHttpServlet.m */; };
		21CFD4E7139A67A5008CD904 /* CKHttpServletManager.m in Sources */ = {isa = PBXBuildFile; fileRef = 217F9427138965E400D408E6 /* CKHttpServletManager.m */; };
		21CFD4E8139A67A5008CD904 /* CKHttpServletOutputStream.m in Sources */ = {isa = PBXBuildFile; fileRef = 217F9429138965E400D408E6 /* CKHttpServletOutputStream.m */; };
		21CFD4E9139A67A5008CD904 /* CKHttpServletRequest.m in Sources */ = {isa = PBXBuildFile; fileRef = 217F942B138965E400D408E6 /* CKHttpServletRequest.m */; };
		21CFD4EA139A67A5008CD904 /* CKHttpServletResponse.m in Sources */ = {isa = PBXBuildFile; fileRef = 217F942D138965E400D408E6 /* CKHttpServletResponse.m */; };
		21CFD4EB139A67A5008CD904 /* CKHttpSession.m in Sources */ = {isa = PBXBuildFile; fileRef = 217F942F138965E400D408E6 /* CKHttpSession.m */; };
		21CFD4EC139A67A5008CD904 /* CKHttpSessionManager.m in Sources */ = {isa = PBXBuildFile; fileRef = 217F9431138965E400D408E6 /* CKHttpSessionManager.m */; };
		21CFD4ED139A67A5008CD904 /* CKServletRequestDispatcher.m in Sources */ = {isa = PBXBuildFile; fileRef = 217F9434138965E400D408E6 /* CKServletRequestDispatcher.m */; };
		21CFD4EE139A67A5008CD904 /* AsyncSocket.m in Sources */ = {isa = PBXBuildFile; fileRef = D193FBA31399927A00D2F4CF /* AsyncSocket.m */; };
		21CFD4F9139A681E008CD904 /* Foundation.framework in Frameworks */ = {isa = PBXBuildFile; fileRef = 21CFD4F8139A681E008CD904 /* Foundation.framework */; };
		21CFDC6C139AAF67008CD904 /* dllmain.m in Sources */ = {isa = PBXBuildFile; fileRef = 21CFDB4E139A9F7F008CD904 /* dllmain.m */; };
		D193FBA41399927A00D2F4CF /* AsyncSocket.h in Headers */ = {isa = PBXBuildFile; fileRef = D193FBA21399927A00D2F4CF /* AsyncSocket.h */; };
		D193FBA51399927A00D2F4CF /* AsyncSocket.m in Sources */ = {isa = PBXBuildFile; fileRef = D193FBA31399927A00D2F4CF /* AsyncSocket.m */; };
/* End PBXBuildFile section */

/* Begin PBXBuildRule section */
		21CFD36A139A5157008CD904 /* PBXBuildRule */ = {
			isa = PBXBuildRule;
			compilerSpec = com.apple.compilers.gcc;
			fileType = sourcecode.asm;
			isEditable = 1;
			outputFiles = (
			);
		};
		21CFD36B139A5157008CD904 /* PBXBuildRule */ = {
			isa = PBXBuildRule;
			compilerSpec = com.apple.compilers.gcc;
			fileType = sourcecode.c;
			isEditable = 1;
			outputFiles = (
			);
		};
/* End PBXBuildRule section */

/* Begin PBXFileReference section */
		0867D69BFE84028FC02AAC07 /* Foundation.framework */ = {isa = PBXFileReference; lastKnownFileType = wrapper.framework; name = Foundation.framework; path = /System/Library/Frameworks/Foundation.framework; sourceTree = "<absolute>"; };
		0867D6A5FE840307C02AAC07 /* AppKit.framework */ = {isa = PBXFileReference; lastKnownFileType = wrapper.framework; name = AppKit.framework; path = /System/Library/Frameworks/AppKit.framework; sourceTree = "<absolute>"; };
		1058C7B1FEA5585E11CA2CBB /* Cocoa.framework */ = {isa = PBXFileReference; lastKnownFileType = wrapper.framework; name = Cocoa.framework; path = /System/Library/Frameworks/Cocoa.framework; sourceTree = "<absolute>"; };
		2163C23C135B637E00AF6544 /* CoreServices.framework */ = {isa = PBXFileReference; lastKnownFileType = wrapper.framework; name = CoreServices.framework; path = System/Library/Frameworks/CoreServices.framework; sourceTree = SDKROOT; };
		2163C23E135B638800AF6544 /* Foundation.framework */ = {isa = PBXFileReference; lastKnownFileType = wrapper.framework; name = Foundation.framework; path = System/Library/Frameworks/Foundation.framework; sourceTree = SDKROOT; };
		2163C242135B638D00AF6544 /* Security.framework */ = {isa = PBXFileReference; lastKnownFileType = wrapper.framework; name = Security.framework; path = System/Library/Frameworks/Security.framework; sourceTree = SDKROOT; };
		2163C268135B63F400AF6544 /* GCDAsyncSocket.h */ = {isa = PBXFileReference; fileEncoding = 4; lastKnownFileType = sourcecode.c.h; path = GCDAsyncSocket.h; sourceTree = "<group>"; };
		2163C269135B63F400AF6544 /* GCDAsyncSocket.m */ = {isa = PBXFileReference; fileEncoding = 4; lastKnownFileType = sourcecode.c.objc; path = GCDAsyncSocket.m; sourceTree = "<group>"; };
		217F93C51389657A00D408E6 /* CKAJP13Connection.h */ = {isa = PBXFileReference; fileEncoding = 4; lastKnownFileType = sourcecode.c.h; path = CKAJP13Connection.h; sourceTree = "<group>"; };
		217F93C61389657A00D408E6 /* CKAJP13Connection.m */ = {isa = PBXFileReference; fileEncoding = 4; lastKnownFileType = sourcecode.c.objc; path = CKAJP13Connection.m; sourceTree = "<group>"; };
		217F93C71389657A00D408E6 /* CKAJP13ForwardRequest.h */ = {isa = PBXFileReference; fileEncoding = 4; lastKnownFileType = sourcecode.c.h; path = CKAJP13ForwardRequest.h; sourceTree = "<group>"; };
		217F93C81389657A00D408E6 /* CKAJP13ForwardRequest.m */ = {isa = PBXFileReference; fileEncoding = 4; lastKnownFileType = sourcecode.c.objc; path = CKAJP13ForwardRequest.m; sourceTree = "<group>"; };
		217F93C91389657A00D408E6 /* CKAJP13Response.h */ = {isa = PBXFileReference; fileEncoding = 4; lastKnownFileType = sourcecode.c.h; path = CKAJP13Response.h; sourceTree = "<group>"; };
		217F93CA1389657A00D408E6 /* CKAJP13Response.m */ = {isa = PBXFileReference; fileEncoding = 4; lastKnownFileType = sourcecode.c.objc; path = CKAJP13Response.m; sourceTree = "<group>"; };
		217F93CB1389657A00D408E6 /* CKAJP13Server.h */ = {isa = PBXFileReference; fileEncoding = 4; lastKnownFileType = sourcecode.c.h; path = CKAJP13Server.h; sourceTree = "<group>"; };
		217F93CC1389657A00D408E6 /* CKAJP13Server.m */ = {isa = PBXFileReference; fileEncoding = 4; lastKnownFileType = sourcecode.c.objc; path = CKAJP13Server.m; sourceTree = "<group>"; };
		217F93D51389658800D408E6 /* CKHttpConnection.h */ = {isa = PBXFileReference; fileEncoding = 4; lastKnownFileType = sourcecode.c.h; path = CKHttpConnection.h; sourceTree = "<group>"; };
		217F93D61389658800D408E6 /* CKHttpConnection.m */ = {isa = PBXFileReference; fileEncoding = 4; lastKnownFileType = sourcecode.c.objc; path = CKHttpConnection.m; sourceTree = "<group>"; };
		217F93D71389658800D408E6 /* CKHttpRequest.h */ = {isa = PBXFileReference; fileEncoding = 4; lastKnownFileType = sourcecode.c.h; path = CKHttpRequest.h; sourceTree = "<group>"; };
		217F93D81389658800D408E6 /* CKHttpRequest.m */ = {isa = PBXFileReference; fileEncoding = 4; lastKnownFileType = sourcecode.c.objc; path = CKHttpRequest.m; sourceTree = "<group>"; };
		217F93D91389658800D408E6 /* CKHttpResponse.h */ = {isa = PBXFileReference; fileEncoding = 4; lastKnownFileType = sourcecode.c.h; path = CKHttpResponse.h; sourceTree = "<group>"; };
		217F93DA1389658800D408E6 /* CKHttpResponse.m */ = {isa = PBXFileReference; fileEncoding = 4; lastKnownFileType = sourcecode.c.objc; path = CKHttpResponse.m; sourceTree = "<group>"; };
		217F93DB1389658800D408E6 /* CKHttpServer.h */ = {isa = PBXFileReference; fileEncoding = 4; lastKnownFileType = sourcecode.c.h; path = CKHttpServer.h; sourceTree = "<group>"; };
		217F93DC1389658800D408E6 /* CKHttpServer.m */ = {isa = PBXFileReference; fileEncoding = 4; lastKnownFileType = sourcecode.c.objc; path = CKHttpServer.m; sourceTree = "<group>"; };
		217F9413138965D500D408E6 /* CKServletConnection.h */ = {isa = PBXFileReference; fileEncoding = 4; lastKnownFileType = sourcecode.c.h; path = CKServletConnection.h; sourceTree = "<group>"; };
		217F9414138965D500D408E6 /* CKServletConnection.m */ = {isa = PBXFileReference; fileEncoding = 4; lastKnownFileType = sourcecode.c.objc; path = CKServletConnection.m; sourceTree = "<group>"; };
		217F9415138965D500D408E6 /* CKServletRequestMessage.h */ = {isa = PBXFileReference; fileEncoding = 4; lastKnownFileType = sourcecode.c.h; path = CKServletRequestMessage.h; sourceTree = "<group>"; };
		217F9416138965D500D408E6 /* CKServletResponseMessage.h */ = {isa = PBXFileReference; fileEncoding = 4; lastKnownFileType = sourcecode.c.h; path = CKServletResponseMessage.h; sourceTree = "<group>"; };
		217F9417138965D500D408E6 /* CKServletServer.h */ = {isa = PBXFileReference; fileEncoding = 4; lastKnownFileType = sourcecode.c.h; path = CKServletServer.h; sourceTree = "<group>"; };
		217F9418138965D500D408E6 /* CKServletServer.m */ = {isa = PBXFileReference; fileEncoding = 4; lastKnownFileType = sourcecode.c.objc; path = CKServletServer.m; sourceTree = "<group>"; };
		217F941F138965E400D408E6 /* CKCookie.h */ = {isa = PBXFileReference; fileEncoding = 4; lastKnownFileType = sourcecode.c.h; path = CKCookie.h; sourceTree = "<group>"; };
		217F9420138965E400D408E6 /* CKCookie.m */ = {isa = PBXFileReference; fileEncoding = 4; lastKnownFileType = sourcecode.c.objc; path = CKCookie.m; sourceTree = "<group>"; };
		217F9421138965E400D408E6 /* CKHttpDefaultPageManager.h */ = {isa = PBXFileReference; fileEncoding = 4; lastKnownFileType = sourcecode.c.h; path = CKHttpDefaultPageManager.h; sourceTree = "<group>"; };
		217F9422138965E400D408E6 /* CKHttpDefaultPageManager.m */ = {isa = PBXFileReference; fileEncoding = 4; lastKnownFileType = sourcecode.c.objc; path = CKHttpDefaultPageManager.m; sourceTree = "<group>"; };
		217F9423138965E400D408E6 /* CKHttpDefaultPageManagers.h */ = {isa = PBXFileReference; fileEncoding = 4; lastKnownFileType = sourcecode.c.h; path = CKHttpDefaultPageManagers.h; sourceTree = "<group>"; };
		217F9424138965E400D408E6 /* CKHttpServlet.h */ = {isa = PBXFileReference; fileEncoding = 4; lastKnownFileType = sourcecode.c.h; path = CKHttpServlet.h; sourceTree = "<group>"; };
		217F9425138965E400D408E6 /* CKHttpServlet.m */ = {isa = PBXFileReference; fileEncoding = 4; lastKnownFileType = sourcecode.c.objc; path = CKHttpServlet.m; sourceTree = "<group>"; };
		217F9426138965E400D408E6 /* CKHttpServletManager.h */ = {isa = PBXFileReference; fileEncoding = 4; lastKnownFileType = sourcecode.c.h; path = CKHttpServletManager.h; sourceTree = "<group>"; };
		217F9427138965E400D408E6 /* CKHttpServletManager.m */ = {isa = PBXFileReference; fileEncoding = 4; lastKnownFileType = sourcecode.c.objc; path = CKHttpServletManager.m; sourceTree = "<group>"; };
		217F9428138965E400D408E6 /* CKHttpServletOutputStream.h */ = {isa = PBXFileReference; fileEncoding = 4; lastKnownFileType = sourcecode.c.h; path = CKHttpServletOutputStream.h; sourceTree = "<group>"; };
		217F9429138965E400D408E6 /* CKHttpServletOutputStream.m */ = {isa = PBXFileReference; fileEncoding = 4; lastKnownFileType = sourcecode.c.objc; path = CKHttpServletOutputStream.m; sourceTree = "<group>"; };
		217F942A138965E400D408E6 /* CKHttpServletRequest.h */ = {isa = PBXFileReference; fileEncoding = 4; lastKnownFileType = sourcecode.c.h; path = CKHttpServletRequest.h; sourceTree = "<group>"; };
		217F942B138965E400D408E6 /* CKHttpServletRequest.m */ = {isa = PBXFileReference; fileEncoding = 4; lastKnownFileType = sourcecode.c.objc; path = CKHttpServletRequest.m; sourceTree = "<group>"; };
		217F942C138965E400D408E6 /* CKHttpServletResponse.h */ = {isa = PBXFileReference; fileEncoding = 4; lastKnownFileType = sourcecode.c.h; path = CKHttpServletResponse.h; sourceTree = "<group>"; };
		217F942D138965E400D408E6 /* CKHttpServletResponse.m */ = {isa = PBXFileReference; fileEncoding = 4; lastKnownFileType = sourcecode.c.objc; path = CKHttpServletResponse.m; sourceTree = "<group>"; };
		217F942E138965E400D408E6 /* CKHttpSession.h */ = {isa = PBXFileReference; fileEncoding = 4; lastKnownFileType = sourcecode.c.h; path = CKHttpSession.h; sourceTree = "<group>"; };
		217F942F138965E400D408E6 /* CKHttpSession.m */ = {isa = PBXFileReference; fileEncoding = 4; lastKnownFileType = sourcecode.c.objc; path = CKHttpSession.m; sourceTree = "<group>"; };
		217F9430138965E400D408E6 /* CKHttpSessionManager.h */ = {isa = PBXFileReference; fileEncoding = 4; lastKnownFileType = sourcecode.c.h; path = CKHttpSessionManager.h; sourceTree = "<group>"; };
		217F9431138965E400D408E6 /* CKHttpSessionManager.m */ = {isa = PBXFileReference; fileEncoding = 4; lastKnownFileType = sourcecode.c.objc; path = CKHttpSessionManager.m; sourceTree = "<group>"; };
		217F9432138965E400D408E6 /* CKServletRequest.h */ = {isa = PBXFileReference; fileEncoding = 4; lastKnownFileType = sourcecode.c.h; path = CKServletRequest.h; sourceTree = "<group>"; };
		217F9433138965E400D408E6 /* CKServletRequestDispatcher.h */ = {isa = PBXFileReference; fileEncoding = 4; lastKnownFileType = sourcecode.c.h; path = CKServletRequestDispatcher.h; sourceTree = "<group>"; };
		217F9434138965E400D408E6 /* CKServletRequestDispatcher.m */ = {isa = PBXFileReference; fileEncoding = 4; lastKnownFileType = sourcecode.c.objc; path = CKServletRequestDispatcher.m; sourceTree = "<group>"; };
		217F9435138965E400D408E6 /* CKServletResponse.h */ = {isa = PBXFileReference; fileEncoding = 4; lastKnownFileType = sourcecode.c.h; path = CKServletResponse.h; sourceTree = "<group>"; };
		2197CE2E135F714900B3938F /* CocoCatKit.h */ = {isa = PBXFileReference; fileEncoding = 4; lastKnownFileType = sourcecode.c.h; path = CocoCatKit.h; sourceTree = "<group>"; };
		21BE7FE8139A4D3800301793 /* CocoCatKit.framework */ = {isa = PBXFileReference; explicitFileType = wrapper.framework; includeInIndex = 0; path = CocoCatKit.framework; sourceTree = BUILT_PRODUCTS_DIR; };
		21CFD357139A508B008CD904 /* Foundation.framework */ = {isa = PBXFileReference; lastKnownFileType = wrapper.framework; name = Foundation.framework; path = /Developer/Cocotron/1.0/Windows/i386/Frameworks/Foundation.framework; sourceTree = "<absolute>"; };
		21CFD370139A51CE008CD904 /* CKSocket.h */ = {isa = PBXFileReference; fileEncoding = 4; lastKnownFileType = sourcecode.c.h; path = CKSocket.h; sourceTree = "<group>"; };
		21CFD4F6139A67A5008CD904 /* CocoCatKit.framework */ = {isa = PBXFileReference; explicitFileType = wrapper.framework; includeInIndex = 0; path = CocoCatKit.framework; sourceTree = BUILT_PRODUCTS_DIR; };
		21CFD4F8139A681E008CD904 /* Foundation.framework */ = {isa = PBXFileReference; lastKnownFileType = wrapper.framework; name = Foundation.framework; path = /Developer/Cocotron/1.0/Darwin/i386/Frameworks/Foundation.framework; sourceTree = "<absolute>"; };
		21CFDB4E139A9F7F008CD904 /* dllmain.m */ = {isa = PBXFileReference; fileEncoding = 4; lastKnownFileType = sourcecode.c.objc; path = dllmain.m; sourceTree = "<group>"; };
		8DC2EF5A0486A6940098B216 /* Info.plist */ = {isa = PBXFileReference; fileEncoding = 4; lastKnownFileType = text.plist.xml; path = Info.plist; sourceTree = "<group>"; };
		8DC2EF5B0486A6940098B216 /* CocoCatKit.framework */ = {isa = PBXFileReference; explicitFileType = wrapper.framework; includeInIndex = 0; path = CocoCatKit.framework; sourceTree = BUILT_PRODUCTS_DIR; };
		D193FBA21399927A00D2F4CF /* AsyncSocket.h */ = {isa = PBXFileReference; fileEncoding = 4; lastKnownFileType = sourcecode.c.h; path = AsyncSocket.h; sourceTree = "<group>"; };
		D193FBA31399927A00D2F4CF /* AsyncSocket.m */ = {isa = PBXFileReference; fileEncoding = 4; lastKnownFileType = sourcecode.c.objc; path = AsyncSocket.m; sourceTree = "<group>"; };
		D2F7E79907B2D74100F64583 /* CoreData.framework */ = {isa = PBXFileReference; lastKnownFileType = wrapper.framework; name = CoreData.framework; path = /System/Library/Frameworks/CoreData.framework; sourceTree = "<absolute>"; };
/* End PBXFileReference section */

/* Begin PBXFrameworksBuildPhase section */
		21BE7FE1139A4D3800301793 /* Frameworks */ = {
			isa = PBXFrameworksBuildPhase;
			buildActionMask = 2147483647;
			files = (
				21CFD358139A508B008CD904 /* Foundation.framework in Frameworks */,
			);
			runOnlyForDeploymentPostprocessing = 0;
		};
		21CFD4EF139A67A5008CD904 /* Frameworks */ = {
			isa = PBXFrameworksBuildPhase;
			buildActionMask = 2147483647;
			files = (
				21CFD4F9139A681E008CD904 /* Foundation.framework in Frameworks */,
			);
			runOnlyForDeploymentPostprocessing = 0;
		};
		8DC2EF560486A6940098B216 /* Frameworks */ = {
			isa = PBXFrameworksBuildPhase;
			buildActionMask = 2147483647;
			files = (
				2163C23D135B637E00AF6544 /* CoreServices.framework in Frameworks */,
				2163C23F135B638800AF6544 /* Foundation.framework in Frameworks */,
				2163C243135B638D00AF6544 /* Security.framework in Frameworks */,
			);
			runOnlyForDeploymentPostprocessing = 0;
		};
/* End PBXFrameworksBuildPhase section */

/* Begin PBXGroup section */
		034768DFFF38A50411DB9C8B /* Products */ = {
			isa = PBXGroup;
			children = (
				8DC2EF5B0486A6940098B216 /* CocoCatKit.framework */,
				21BE7FE8139A4D3800301793 /* CocoCatKit.framework */,
				21CFD4F6139A67A5008CD904 /* CocoCatKit.framework */,
			);
			name = Products;
			sourceTree = "<group>";
		};
		0867D691FE84028FC02AAC07 /* HttpServlet */ = {
			isa = PBXGroup;
			children = (
				08FB77AEFE84172EC02AAC07 /* Classes */,
				32C88DFF0371C24200C91783 /* Other Sources */,
				089C1665FE841158C02AAC07 /* Resources */,
				0867D69AFE84028FC02AAC07 /* External Frameworks and Libraries */,
				034768DFFF38A50411DB9C8B /* Products */,
				2163C23C135B637E00AF6544 /* CoreServices.framework */,
				2163C23E135B638800AF6544 /* Foundation.framework */,
				2163C242135B638D00AF6544 /* Security.framework */,
				21CFD357139A508B008CD904 /* Foundation.framework */,
				21CFD4F8139A681E008CD904 /* Foundation.framework */,
			);
			name = HttpServlet;
			sourceTree = "<group>";
		};
		0867D69AFE84028FC02AAC07 /* External Frameworks and Libraries */ = {
			isa = PBXGroup;
			children = (
				1058C7B0FEA5585E11CA2CBB /* Linked Frameworks */,
				1058C7B2FEA5585E11CA2CBB /* Other Frameworks */,
			);
			name = "External Frameworks and Libraries";
			sourceTree = "<group>";
		};
		089C1665FE841158C02AAC07 /* Resources */ = {
			isa = PBXGroup;
			children = (
				8DC2EF5A0486A6940098B216 /* Info.plist */,
			);
			name = Resources;
			sourceTree = "<group>";
		};
		08FB77AEFE84172EC02AAC07 /* Classes */ = {
			isa = PBXGroup;
			children = (
				217F941F138965E400D408E6 /* CKCookie.h */,
				217F9420138965E400D408E6 /* CKCookie.m */,
				217F9421138965E400D408E6 /* CKHttpDefaultPageManager.h */,
				217F9422138965E400D408E6 /* CKHttpDefaultPageManager.m */,
				217F9423138965E400D408E6 /* CKHttpDefaultPageManagers.h */,
				217F9424138965E400D408E6 /* CKHttpServlet.h */,
				217F9425138965E400D408E6 /* CKHttpServlet.m */,
				217F9426138965E400D408E6 /* CKHttpServletManager.h */,
				217F9427138965E400D408E6 /* CKHttpServletManager.m */,
				217F9428138965E400D408E6 /* CKHttpServletOutputStream.h */,
				217F9429138965E400D408E6 /* CKHttpServletOutputStream.m */,
				217F942A138965E400D408E6 /* CKHttpServletRequest.h */,
				217F942B138965E400D408E6 /* CKHttpServletRequest.m */,
				217F942C138965E400D408E6 /* CKHttpServletResponse.h */,
				217F942D138965E400D408E6 /* CKHttpServletResponse.m */,
				217F942E138965E400D408E6 /* CKHttpSession.h */,
				217F942F138965E400D408E6 /* CKHttpSession.m */,
				217F9430138965E400D408E6 /* CKHttpSessionManager.h */,
				217F9431138965E400D408E6 /* CKHttpSessionManager.m */,
				217F9432138965E400D408E6 /* CKServletRequest.h */,
				217F9433138965E400D408E6 /* CKServletRequestDispatcher.h */,
				217F9434138965E400D408E6 /* CKServletRequestDispatcher.m */,
				217F9435138965E400D408E6 /* CKServletResponse.h */,
				210F335D135E324700990051 /* protocol */,
				2163C266135B63F400AF6544 /* Vendor */,
				2197CE2E135F714900B3938F /* CocoCatKit.h */,
				21CFDB4E139A9F7F008CD904 /* dllmain.m */,
			);
			name = Classes;
			sourceTree = "<group>";
		};
		1058C7B0FEA5585E11CA2CBB /* Linked Frameworks */ = {
			isa = PBXGroup;
			children = (
				1058C7B1FEA5585E11CA2CBB /* Cocoa.framework */,
			);
			name = "Linked Frameworks";
			sourceTree = "<group>";
		};
		1058C7B2FEA5585E11CA2CBB /* Other Frameworks */ = {
			isa = PBXGroup;
			children = (
				0867D6A5FE840307C02AAC07 /* AppKit.framework */,
				D2F7E79907B2D74100F64583 /* CoreData.framework */,
				0867D69BFE84028FC02AAC07 /* Foundation.framework */,
			);
			name = "Other Frameworks";
			sourceTree = "<group>";
		};
		210F335D135E324700990051 /* protocol */ = {
			isa = PBXGroup;
			children = (
				217F9413138965D500D408E6 /* CKServletConnection.h */,
				217F9414138965D500D408E6 /* CKServletConnection.m */,
				217F9415138965D500D408E6 /* CKServletRequestMessage.h */,
				217F9416138965D500D408E6 /* CKServletResponseMessage.h */,
				21CFD370139A51CE008CD904 /* CKSocket.h */,
				217F9417138965D500D408E6 /* CKServletServer.h */,
				217F9418138965D500D408E6 /* CKServletServer.m */,
				210F335E135E324700990051 /* ajp13 */,
				210F336C135E324700990051 /* http */,
			);
			path = protocol;
			sourceTree = "<group>";
		};
		210F335E135E324700990051 /* ajp13 */ = {
			isa = PBXGroup;
			children = (
				217F93C51389657A00D408E6 /* CKAJP13Connection.h */,
				217F93C61389657A00D408E6 /* CKAJP13Connection.m */,
				217F93C71389657A00D408E6 /* CKAJP13ForwardRequest.h */,
				217F93C81389657A00D408E6 /* CKAJP13ForwardRequest.m */,
				217F93C91389657A00D408E6 /* CKAJP13Response.h */,
				217F93CA1389657A00D408E6 /* CKAJP13Response.m */,
				217F93CB1389657A00D408E6 /* CKAJP13Server.h */,
				217F93CC1389657A00D408E6 /* CKAJP13Server.m */,
			);
			path = ajp13;
			sourceTree = "<group>";
		};
		210F336C135E324700990051 /* http */ = {
			isa = PBXGroup;
			children = (
				217F93D51389658800D408E6 /* CKHttpConnection.h */,
				217F93D61389658800D408E6 /* CKHttpConnection.m */,
				217F93D71389658800D408E6 /* CKHttpRequest.h */,
				217F93D81389658800D408E6 /* CKHttpRequest.m */,
				217F93D91389658800D408E6 /* CKHttpResponse.h */,
				217F93DA1389658800D408E6 /* CKHttpResponse.m */,
				217F93DB1389658800D408E6 /* CKHttpServer.h */,
				217F93DC1389658800D408E6 /* CKHttpServer.m */,
			);
			path = http;
			sourceTree = "<group>";
		};
		2163C266135B63F400AF6544 /* Vendor */ = {
			isa = PBXGroup;
			children = (
				2163C267135B63F400AF6544 /* CocoaAsyncSocket */,
			);
			path = Vendor;
			sourceTree = "<group>";
		};
		2163C267135B63F400AF6544 /* CocoaAsyncSocket */ = {
			isa = PBXGroup;
			children = (
				D193FBA21399927A00D2F4CF /* AsyncSocket.h */,
				D193FBA31399927A00D2F4CF /* AsyncSocket.m */,
				2163C268135B63F400AF6544 /* GCDAsyncSocket.h */,
				2163C269135B63F400AF6544 /* GCDAsyncSocket.m */,
			);
			path = CocoaAsyncSocket;
			sourceTree = "<group>";
		};
		32C88DFF0371C24200C91783 /* Other Sources */ = {
			isa = PBXGroup;
			children = (
			);
			name = "Other Sources";
			sourceTree = "<group>";
		};
/* End PBXGroup section */

/* Begin PBXHeadersBuildPhase section */
		21BE7FAC139A4D3800301793 /* Headers */ = {
			isa = PBXHeadersBuildPhase;
			buildActionMask = 2147483647;
			files = (
				21BE7FAD139A4D3800301793 /* GCDAsyncSocket.h in Headers */,
				21BE7FAE139A4D3800301793 /* CocoCatKit.h in Headers */,
				21BE7FAF139A4D3800301793 /* CKAJP13Connection.h in Headers */,
				21BE7FB0139A4D3800301793 /* CKAJP13ForwardRequest.h in Headers */,
				21BE7FB1139A4D3800301793 /* CKAJP13Response.h in Headers */,
				21BE7FB2139A4D3800301793 /* CKAJP13Server.h in Headers */,
				21BE7FB3139A4D3800301793 /* CKHttpConnection.h in Headers */,
				21BE7FB4139A4D3800301793 /* CKHttpRequest.h in Headers */,
				21BE7FB5139A4D3800301793 /* CKHttpResponse.h in Headers */,
				21BE7FB6139A4D3800301793 /* CKHttpServer.h in Headers */,
				21BE7FB7139A4D3800301793 /* CKServletConnection.h in Headers */,
				21BE7FB8139A4D3800301793 /* CKServletRequestMessage.h in Headers */,
				21BE7FB9139A4D3800301793 /* CKServletResponseMessage.h in Headers */,
				21BE7FBA139A4D3800301793 /* CKServletServer.h in Headers */,
				21BE7FBB139A4D3800301793 /* CKCookie.h in Headers */,
				21BE7FBC139A4D3800301793 /* CKHttpDefaultPageManager.h in Headers */,
				21BE7FBD139A4D3800301793 /* CKHttpDefaultPageManagers.h in Headers */,
				21BE7FBE139A4D3800301793 /* CKHttpServlet.h in Headers */,
				21BE7FBF139A4D3800301793 /* CKHttpServletManager.h in Headers */,
				21BE7FC0139A4D3800301793 /* CKHttpServletOutputStream.h in Headers */,
				21BE7FC1139A4D3800301793 /* CKHttpServletRequest.h in Headers */,
				21BE7FC2139A4D3800301793 /* CKHttpServletResponse.h in Headers */,
				21BE7FC3139A4D3800301793 /* CKHttpSession.h in Headers */,
				21BE7FC4139A4D3800301793 /* CKHttpSessionManager.h in Headers */,
				21BE7FC5139A4D3800301793 /* CKServletRequest.h in Headers */,
				21BE7FC6139A4D3800301793 /* CKServletRequestDispatcher.h in Headers */,
				21BE7FC7139A4D3800301793 /* CKServletResponse.h in Headers */,
				21BE7FC8139A4D3800301793 /* AsyncSocket.h in Headers */,
				21CFD393139A528D008CD904 /* CKSocket.h in Headers */,
			);
			runOnlyForDeploymentPostprocessing = 0;
		};
		21CFD4B9139A67A5008CD904 /* Headers */ = {
			isa = PBXHeadersBuildPhase;
			buildActionMask = 2147483647;
			files = (
				21CFD4BA139A67A5008CD904 /* GCDAsyncSocket.h in Headers */,
				21CFD4BB139A67A5008CD904 /* CocoCatKit.h in Headers */,
				21CFD4BC139A67A5008CD904 /* CKAJP13Connection.h in Headers */,
				21CFD4BD139A67A5008CD904 /* CKAJP13ForwardRequest.h in Headers */,
				21CFD4BE139A67A5008CD904 /* CKAJP13Response.h in Headers */,
				21CFD4BF139A67A5008CD904 /* CKAJP13Server.h in Headers */,
				21CFD4C0139A67A5008CD904 /* CKHttpConnection.h in Headers */,
				21CFD4C1139A67A5008CD904 /* CKHttpRequest.h in Headers */,
				21CFD4C2139A67A5008CD904 /* CKHttpResponse.h in Headers */,
				21CFD4C3139A67A5008CD904 /* CKHttpServer.h in Headers */,
				21CFD4C4139A67A5008CD904 /* CKServletConnection.h in Headers */,
				21CFD4C5139A67A5008CD904 /* CKServletRequestMessage.h in Headers */,
				21CFD4C6139A67A5008CD904 /* CKServletResponseMessage.h in Headers */,
				21CFD4C7139A67A5008CD904 /* CKServletServer.h in Headers */,
				21CFD4C8139A67A5008CD904 /* CKCookie.h in Headers */,
				21CFD4C9139A67A5008CD904 /* CKHttpDefaultPageManager.h in Headers */,
				21CFD4CA139A67A5008CD904 /* CKHttpDefaultPageManagers.h in Headers */,
				21CFD4CB139A67A5008CD904 /* CKHttpServlet.h in Headers */,
				21CFD4CC139A67A5008CD904 /* CKHttpServletManager.h in Headers */,
				21CFD4CD139A67A5008CD904 /* CKHttpServletOutputStream.h in Headers */,
				21CFD4CE139A67A5008CD904 /* CKHttpServletRequest.h in Headers */,
				21CFD4CF139A67A5008CD904 /* CKHttpServletResponse.h in Headers */,
				21CFD4D0139A67A5008CD904 /* CKHttpSession.h in Headers */,
				21CFD4D1139A67A5008CD904 /* CKHttpSessionManager.h in Headers */,
				21CFD4D2139A67A5008CD904 /* CKServletRequest.h in Headers */,
				21CFD4D3139A67A5008CD904 /* CKServletRequestDispatcher.h in Headers */,
				21CFD4D4139A67A5008CD904 /* CKServletResponse.h in Headers */,
				21CFD4D5139A67A5008CD904 /* AsyncSocket.h in Headers */,
				21CFD4D6139A67A5008CD904 /* CKSocket.h in Headers */,
			);
			runOnlyForDeploymentPostprocessing = 0;
		};
		8DC2EF500486A6940098B216 /* Headers */ = {
			isa = PBXHeadersBuildPhase;
			buildActionMask = 2147483647;
			files = (
				2163C26A135B63F400AF6544 /* GCDAsyncSocket.h in Headers */,
				2197CE2F135F714900B3938F /* CocoCatKit.h in Headers */,
				217F93CD1389657A00D408E6 /* CKAJP13Connection.h in Headers */,
				217F93CF1389657A00D408E6 /* CKAJP13ForwardRequest.h in Headers */,
				217F93D11389657A00D408E6 /* CKAJP13Response.h in Headers */,
				217F93D31389657A00D408E6 /* CKAJP13Server.h in Headers */,
				217F93DD1389658800D408E6 /* CKHttpConnection.h in Headers */,
				217F93DF1389658800D408E6 /* CKHttpRequest.h in Headers */,
				217F93E11389658800D408E6 /* CKHttpResponse.h in Headers */,
				217F93E31389658800D408E6 /* CKHttpServer.h in Headers */,
				217F9419138965D500D408E6 /* CKServletConnection.h in Headers */,
				217F941B138965D500D408E6 /* CKServletRequestMessage.h in Headers */,
				217F941C138965D500D408E6 /* CKServletResponseMessage.h in Headers */,
				217F941D138965D500D408E6 /* CKServletServer.h in Headers */,
				217F9436138965E400D408E6 /* CKCookie.h in Headers */,
				217F9438138965E400D408E6 /* CKHttpDefaultPageManager.h in Headers */,
				217F943A138965E400D408E6 /* CKHttpDefaultPageManagers.h in Headers */,
				217F943B138965E400D408E6 /* CKHttpServlet.h in Headers */,
				217F943D138965E400D408E6 /* CKHttpServletManager.h in Headers */,
				217F943F138965E400D408E6 /* CKHttpServletOutputStream.h in Headers */,
				217F9441138965E400D408E6 /* CKHttpServletRequest.h in Headers */,
				217F9443138965E400D408E6 /* CKHttpServletResponse.h in Headers */,
				217F9445138965E400D408E6 /* CKHttpSession.h in Headers */,
				217F9447138965E400D408E6 /* CKHttpSessionManager.h in Headers */,
				217F9449138965E400D408E6 /* CKServletRequest.h in Headers */,
				217F944A138965E400D408E6 /* CKServletRequestDispatcher.h in Headers */,
				217F944C138965E400D408E6 /* CKServletResponse.h in Headers */,
				D193FBA41399927A00D2F4CF /* AsyncSocket.h in Headers */,
				21CFD371139A51CE008CD904 /* CKSocket.h in Headers */,
			);
			runOnlyForDeploymentPostprocessing = 0;
		};
/* End PBXHeadersBuildPhase section */

/* Begin PBXNativeTarget section */
		21BE7FAB139A4D3800301793 /* CocoCatKit (Windows i386) */ = {
			isa = PBXNativeTarget;
			buildConfigurationList = 21BE7FE5139A4D3800301793 /* Build configuration list for PBXNativeTarget "CocoCatKit (Windows i386)" */;
			buildPhases = (
				21BE7FAC139A4D3800301793 /* Headers */,
				21BE7FC9139A4D3800301793 /* Resources */,
				21BE7FCA139A4D3800301793 /* Sources */,
				21BE7FE1139A4D3800301793 /* Frameworks */,
			);
			buildRules = (
				21CFD36A139A5157008CD904 /* PBXBuildRule */,
				21CFD36B139A5157008CD904 /* PBXBuildRule */,
			);
			dependencies = (
			);
			name = "CocoCatKit (Windows i386)";
			productInstallPath = "$(HOME)/Library/Frameworks";
			productName = HttpServlet;
			productReference = 21BE7FE8139A4D3800301793 /* CocoCatKit.framework */;
			productType = "com.apple.product-type.framework";
		};
		21CFD4B8139A67A5008CD904 /* CocoCatKit (Darwin i386) */ = {
			isa = PBXNativeTarget;
			buildConfigurationList = 21CFD4F3139A67A5008CD904 /* Build configuration list for PBXNativeTarget "CocoCatKit (Darwin i386)" */;
			buildPhases = (
				21CFD4B9139A67A5008CD904 /* Headers */,
				21CFD4D7139A67A5008CD904 /* Resources */,
				21CFD4D8139A67A5008CD904 /* Sources */,
				21CFD4EF139A67A5008CD904 /* Frameworks */,
			);
			buildRules = (
			);
			dependencies = (
			);
			name = "CocoCatKit (Darwin i386)";
			productInstallPath = "$(HOME)/Library/Frameworks";
			productName = HttpServlet;
			productReference = 21CFD4F6139A67A5008CD904 /* CocoCatKit.framework */;
			productType = "com.apple.product-type.framework";
		};
		8DC2EF4F0486A6940098B216 /* CocoCatKit (MacOS x86_64) */ = {
			isa = PBXNativeTarget;
			buildConfigurationList = 1DEB91AD08733DA50010E9CD /* Build configuration list for PBXNativeTarget "CocoCatKit (MacOS x86_64)" */;
			buildPhases = (
				8DC2EF500486A6940098B216 /* Headers */,
				8DC2EF520486A6940098B216 /* Resources */,
				8DC2EF540486A6940098B216 /* Sources */,
				8DC2EF560486A6940098B216 /* Frameworks */,
			);
			buildRules = (
			);
			dependencies = (
			);
			name = "CocoCatKit (MacOS x86_64)";
			productInstallPath = "$(HOME)/Library/Frameworks";
			productName = HttpServlet;
			productReference = 8DC2EF5B0486A6940098B216 /* CocoCatKit.framework */;
			productType = "com.apple.product-type.framework";
		};
/* End PBXNativeTarget section */

/* Begin PBXProject section */
		0867D690FE84028FC02AAC07 /* Project object */ = {
			isa = PBXProject;
			buildConfigurationList = 1DEB91B108733DA50010E9CD /* Build configuration list for PBXProject "CocoCatKit" */;
			compatibilityVersion = "Xcode 3.1";
			hasScannedForEncodings = 1;
			knownRegions = (
				English,
				Japanese,
				French,
				German,
				_english,
			);
			mainGroup = 0867D691FE84028FC02AAC07 /* HttpServlet */;
			productRefGroup = 034768DFFF38A50411DB9C8B /* Products */;
			projectDirPath = "";
			projectRoot = "";
			targets = (
				8DC2EF4F0486A6940098B216 /* CocoCatKit (MacOS x86_64) */,
				21CFD4B8139A67A5008CD904 /* CocoCatKit (Darwin i386) */,
				21BE7FAB139A4D3800301793 /* CocoCatKit (Windows i386) */,
			);
		};
/* End PBXProject section */

/* Begin PBXResourcesBuildPhase section */
		21BE7FC9139A4D3800301793 /* Resources */ = {
			isa = PBXResourcesBuildPhase;
			buildActionMask = 2147483647;
			files = (
			);
			runOnlyForDeploymentPostprocessing = 0;
		};
		21CFD4D7139A67A5008CD904 /* Resources */ = {
			isa = PBXResourcesBuildPhase;
			buildActionMask = 2147483647;
			files = (
			);
			runOnlyForDeploymentPostprocessing = 0;
		};
		8DC2EF520486A6940098B216 /* Resources */ = {
			isa = PBXResourcesBuildPhase;
			buildActionMask = 2147483647;
			files = (
			);
			runOnlyForDeploymentPostprocessing = 0;
		};
/* End PBXResourcesBuildPhase section */

/* Begin PBXSourcesBuildPhase section */
		21BE7FCA139A4D3800301793 /* Sources */ = {
			isa = PBXSourcesBuildPhase;
			buildActionMask = 2147483647;
			files = (
				21BE7FCC139A4D3800301793 /* CKAJP13Connection.m in Sources */,
				21BE7FCD139A4D3800301793 /* CKAJP13ForwardRequest.m in Sources */,
				21BE7FCE139A4D3800301793 /* CKAJP13Response.m in Sources */,
				21BE7FCF139A4D3800301793 /* CKAJP13Server.m in Sources */,
				21BE7FD0139A4D3800301793 /* CKHttpConnection.m in Sources */,
				21BE7FD1139A4D3800301793 /* CKHttpRequest.m in Sources */,
				21BE7FD2139A4D3800301793 /* CKHttpResponse.m in Sources */,
				21BE7FD3139A4D3800301793 /* CKHttpServer.m in Sources */,
				21BE7FD4139A4D3800301793 /* CKServletConnection.m in Sources */,
				21BE7FD5139A4D3800301793 /* CKServletServer.m in Sources */,
				21BE7FD6139A4D3800301793 /* CKCookie.m in Sources */,
				21BE7FD7139A4D3800301793 /* CKHttpDefaultPageManager.m in Sources */,
				21BE7FD8139A4D3800301793 /* CKHttpServlet.m in Sources */,
				21BE7FD9139A4D3800301793 /* CKHttpServletManager.m in Sources */,
				21BE7FDA139A4D3800301793 /* CKHttpServletOutputStream.m in Sources */,
				21BE7FDB139A4D3800301793 /* CKHttpServletRequest.m in Sources */,
				21BE7FDC139A4D3800301793 /* CKHttpServletResponse.m in Sources */,
				21BE7FDD139A4D3800301793 /* CKHttpSession.m in Sources */,
				21BE7FDE139A4D3800301793 /* CKHttpSessionManager.m in Sources */,
				21BE7FDF139A4D3800301793 /* CKServletRequestDispatcher.m in Sources */,
				21BE7FE0139A4D3800301793 /* AsyncSocket.m in Sources */,
				21CFDC6C139AAF67008CD904 /* dllmain.m in Sources */,
			);
			runOnlyForDeploymentPostprocessing = 0;
		};
		21CFD4D8139A67A5008CD904 /* Sources */ = {
			isa = PBXSourcesBuildPhase;
			buildActionMask = 2147483647;
			files = (
				21CFD4DA139A67A5008CD904 /* CKAJP13Connection.m in Sources */,
				21CFD4DB139A67A5008CD904 /* CKAJP13ForwardRequest.m in Sources */,
				21CFD4DC139A67A5008CD904 /* CKAJP13Response.m in Sources */,
				21CFD4DD139A67A5008CD904 /* CKAJP13Server.m in Sources */,
				21CFD4DE139A67A5008CD904 /* CKHttpConnection.m in Sources */,
				21CFD4DF139A67A5008CD904 /* CKHttpRequest.m in Sources */,
				21CFD4E0139A67A5008CD904 /* CKHttpResponse.m in Sources */,
				21CFD4E1139A67A5008CD904 /* CKHttpServer.m in Sources */,
				21CFD4E2139A67A5008CD904 /* CKServletConnection.m in Sources */,
				21CFD4E3139A67A5008CD904 /* CKServletServer.m in Sources */,
				21CFD4E4139A67A5008CD904 /* CKCookie.m in Sources */,
				21CFD4E5139A67A5008CD904 /* CKHttpDefaultPageManager.m in Sources */,
				21CFD4E6139A67A5008CD904 /* CKHttpServlet.m in Sources */,
				21CFD4E7139A67A5008CD904 /* CKHttpServletManager.m in Sources */,
				21CFD4E8139A67A5008CD904 /* CKHttpServletOutputStream.m in Sources */,
				21CFD4E9139A67A5008CD904 /* CKHttpServletRequest.m in Sources */,
				21CFD4EA139A67A5008CD904 /* CKHttpServletResponse.m in Sources */,
				21CFD4EB139A67A5008CD904 /* CKHttpSession.m in Sources */,
				21CFD4EC139A67A5008CD904 /* CKHttpSessionManager.m in Sources */,
				21CFD4ED139A67A5008CD904 /* CKServletRequestDispatcher.m in Sources */,
				21CFD4EE139A67A5008CD904 /* AsyncSocket.m in Sources */,
			);
			runOnlyForDeploymentPostprocessing = 0;
		};
		8DC2EF540486A6940098B216 /* Sources */ = {
			isa = PBXSourcesBuildPhase;
			buildActionMask = 2147483647;
			files = (
				2163C26B135B63F400AF6544 /* GCDAsyncSocket.m in Sources */,
				217F93CE1389657A00D408E6 /* CKAJP13Connection.m in Sources */,
				217F93D01389657A00D408E6 /* CKAJP13ForwardRequest.m in Sources */,
				217F93D21389657A00D408E6 /* CKAJP13Response.m in Sources */,
				217F93D41389657A00D408E6 /* CKAJP13Server.m in Sources */,
				217F93DE1389658800D408E6 /* CKHttpConnection.m in Sources */,
				217F93E01389658800D408E6 /* CKHttpRequest.m in Sources */,
				217F93E21389658800D408E6 /* CKHttpResponse.m in Sources */,
				217F93E41389658800D408E6 /* CKHttpServer.m in Sources */,
				217F941A138965D500D408E6 /* CKServletConnection.m in Sources */,
				217F941E138965D500D408E6 /* CKServletServer.m in Sources */,
				217F9437138965E400D408E6 /* CKCookie.m in Sources */,
				217F9439138965E400D408E6 /* CKHttpDefaultPageManager.m in Sources */,
				217F943C138965E400D408E6 /* CKHttpServlet.m in Sources */,
				217F943E138965E400D408E6 /* CKHttpServletManager.m in Sources */,
				217F9440138965E400D408E6 /* CKHttpServletOutputStream.m in Sources */,
				217F9442138965E400D408E6 /* CKHttpServletRequest.m in Sources */,
				217F9444138965E400D408E6 /* CKHttpServletResponse.m in Sources */,
				217F9446138965E400D408E6 /* CKHttpSession.m in Sources */,
				217F9448138965E400D408E6 /* CKHttpSessionManager.m in Sources */,
				217F944B138965E400D408E6 /* CKServletRequestDispatcher.m in Sources */,
				D193FBA51399927A00D2F4CF /* AsyncSocket.m in Sources */,
			);
			runOnlyForDeploymentPostprocessing = 0;
		};
/* End PBXSourcesBuildPhase section */

/* Begin XCBuildConfiguration section */
		1DEB91AE08733DA50010E9CD /* Debug */ = {
			isa = XCBuildConfiguration;
			buildSettings = {
				ALWAYS_SEARCH_USER_PATHS = NO;
				ARCHS = "$(ARCHS_STANDARD_32_64_BIT)";
				COPY_PHASE_STRIP = NO;
				DEPLOYMENT_LOCATION = YES;
				DEPLOYMENT_POSTPROCESSING = YES;
				DSTROOT = /;
				DYLIB_COMPATIBILITY_VERSION = 1;
				DYLIB_CURRENT_VERSION = 1;
				FRAMEWORK_VERSION = A;
				GCC_DYNAMIC_NO_PIC = NO;
				GCC_ENABLE_FIX_AND_CONTINUE = YES;
				GCC_MODEL_TUNING = G5;
				GCC_OPTIMIZATION_LEVEL = 0;
				GCC_PRECOMPILE_PREFIX_HEADER = YES;
				INFOPLIST_FILE = Info.plist;
				INSTALL_MODE_FLAG = "og-w,a+rX";
				INSTALL_PATH = /Developer/CocoCat/1.0/MacOS/x86_64/Frameworks;
				PRODUCT_NAME = CocoCatKit;
				SYMROOT = build/MacOS/x86_64;
				VALID_ARCHS = x86_64;
				WRAPPER_EXTENSION = framework;
			};
			name = Debug;
		};
		1DEB91AF08733DA50010E9CD /* Release */ = {
			isa = XCBuildConfiguration;
			buildSettings = {
				ALWAYS_SEARCH_USER_PATHS = NO;
				ARCHS = "$(ARCHS_STANDARD_32_64_BIT)";
				DEBUG_INFORMATION_FORMAT = "dwarf-with-dsym";
				DEPLOYMENT_LOCATION = YES;
				DEPLOYMENT_POSTPROCESSING = YES;
				DSTROOT = /;
				DYLIB_COMPATIBILITY_VERSION = 1;
				DYLIB_CURRENT_VERSION = 1;
				FRAMEWORK_VERSION = A;
				GCC_MODEL_TUNING = G5;
				GCC_PRECOMPILE_PREFIX_HEADER = YES;
				INFOPLIST_FILE = Info.plist;
				INSTALL_MODE_FLAG = "og-w,a+rX";
				INSTALL_PATH = /Developer/CocoCat/1.0/MacOS/x86_64/Frameworks;
				PRODUCT_NAME = CocoCatKit;
				SYMROOT = build/MacOS/x86_64;
				WRAPPER_EXTENSION = framework;
			};
			name = Release;
		};
		1DEB91B208733DA50010E9CD /* Debug */ = {
			isa = XCBuildConfiguration;
			buildSettings = {
				ARCHS = "$(ARCHS_STANDARD_32_64_BIT)";
				GCC_C_LANGUAGE_STANDARD = gnu99;
				GCC_OPTIMIZATION_LEVEL = 0;
				GCC_WARN_ABOUT_RETURN_TYPE = YES;
				GCC_WARN_UNUSED_VARIABLE = YES;
				ONLY_ACTIVE_ARCH = YES;
				PREBINDING = NO;
				SDKROOT = macosx10.6;
			};
			name = Debug;
		};
		1DEB91B308733DA50010E9CD /* Release */ = {
			isa = XCBuildConfiguration;
			buildSettings = {
				ARCHS = "$(ARCHS_STANDARD_32_64_BIT)";
				GCC_C_LANGUAGE_STANDARD = gnu99;
				GCC_WARN_ABOUT_RETURN_TYPE = YES;
				GCC_WARN_UNUSED_VARIABLE = YES;
				PREBINDING = NO;
				SDKROOT = macosx10.6;
			};
			name = Release;
		};
		21BE7FE6139A4D3800301793 /* Debug */ = {
			isa = XCBuildConfiguration;
			buildSettings = {
				ALWAYS_SEARCH_USER_PATHS = NO;
				ARCHS = i386;
				COPY_PHASE_STRIP = NO;
				DEPLOYMENT_LOCATION = YES;
				DEPLOYMENT_POSTPROCESSING = YES;
				DSTROOT = /;
				EXECUTABLE_SUFFIX = .1.0.dll;
				FRAMEWORK_SEARCH_PATHS = (
					"$(inherited)",
					"\"$(DEVELOPER_DIR)/Cocotron/1.0/Windows/i386/Frameworks\"",
				);
				FRAMEWORK_VERSION = A;
				GCC_DYNAMIC_NO_PIC = NO;
				GCC_ENABLE_FIX_AND_CONTINUE = NO;
				GCC_MODEL_TUNING = "";
				GCC_OPTIMIZATION_LEVEL = 0;
				GCC_PRECOMPILE_PREFIX_HEADER = YES;
				GCC_VERSION = org.cocotron.1.0.windows.i386.gcc.4.3.1;
				INFOPLIST_FILE = Info.plist;
				INSTALL_MODE_FLAG = "og-w,a+rX";
				INSTALL_PATH = /Developer/CocoCat/1.0/Windows/i386/Frameworks;
				OTHER_LDFLAGS = (
					"-B,static",
					"-lffi",
					"-B,dynamic",
					"-shared",
					"-lrpcrt4",
					"-lws2_32",
					"-Wl,--export-all-symbols",
					"-Wl,--image-base=0x10000000",
					"-Wl,--out-implib,$TARGET_BUILD_DIR/CocoCatKit.framework/libCocoCatKit.a",
				);
				PRODUCT_NAME = CocoCatKit;
				SDKROOT = "";
				SYMROOT = build/Windows/i386;
				WRAPPER_EXTENSION = framework;
			};
			name = Debug;
		};
		21BE7FE7139A4D3800301793 /* Release */ = {
			isa = XCBuildConfiguration;
			buildSettings = {
				ALWAYS_SEARCH_USER_PATHS = NO;
				ARCHS = i386;
				DEBUG_INFORMATION_FORMAT = "dwarf-with-dsym";
				DEPLOYMENT_LOCATION = YES;
				DEPLOYMENT_POSTPROCESSING = YES;
				DSTROOT = /;
				EXECUTABLE_SUFFIX = .1.0.dll;
				FRAMEWORK_SEARCH_PATHS = (
					"$(inherited)",
					"\"$(DEVELOPER_DIR)/Cocotron/1.0/Windows/i386/Frameworks\"",
				);
				FRAMEWORK_VERSION = A;
				GCC_ENABLE_FIX_AND_CONTINUE = NO;
				GCC_GENERATE_DEBUGGING_SYMBOLS = NO;
				GCC_MODEL_TUNING = "";
				GCC_PRECOMPILE_PREFIX_HEADER = YES;
				GCC_VERSION = org.cocotron.1.0.windows.i386.gcc.4.3.1;
				INFOPLIST_FILE = Info.plist;
				INSTALL_MODE_FLAG = "og-w,a+rX";
				INSTALL_PATH = /Developer/CocoCat/1.0/Windows/i386/Frameworks;
				OTHER_LDFLAGS = (
					"-B,static",
					"-lffi",
					"-B,dynamic",
					"-shared",
					"-lrpcrt4",
					"-lws2_32",
					"-Wl,--export-all-symbols",
					"-Wl,--image-base=0x10000000",
					"-Wl,--out-implib,$TARGET_BUILD_DIR/CocoCatKit.framework/libCocoCatKit.a",
				);
				PRODUCT_NAME = CocoCatKit;
				SDKROOT = "";
				SYMROOT = build/Windows/i386;
				WRAPPER_EXTENSION = framework;
			};
			name = Release;
		};
		21CFD4F4139A67A5008CD904 /* Debug */ = {
			isa = XCBuildConfiguration;
			buildSettings = {
				ALWAYS_SEARCH_USER_PATHS = NO;
				ARCHS = i386;
				COPY_PHASE_STRIP = NO;
				DEPLOYMENT_LOCATION = YES;
				DEPLOYMENT_POSTPROCESSING = YES;
				DSTROOT = /;
				DYLIB_COMPATIBILITY_VERSION = 1;
				DYLIB_CURRENT_VERSION = 1;
				FRAMEWORK_SEARCH_PATHS = (
					"$(inherited)",
					"\"$(DEVELOPER_DIR)/Cocotron/1.0/Darwin/i386/Frameworks\"",
				);
				FRAMEWORK_VERSION = A;
				GCC_DYNAMIC_NO_PIC = NO;
				GCC_ENABLE_FIX_AND_CONTINUE = YES;
				GCC_MODEL_TUNING = G5;
				GCC_OPTIMIZATION_LEVEL = 0;
				GCC_PRECOMPILE_PREFIX_HEADER = YES;
				INFOPLIST_FILE = Info.plist;
				INSTALL_MODE_FLAG = "og-w,a+rX";
				INSTALL_PATH = /Developer/CocoCat/1.0/Darwin/i386/Frameworks;
				OTHER_CFLAGS = "-D__COCOTRON__";
				PRODUCT_NAME = CocoCatKit;
				SDKROOT = "";
				SYMROOT = build/Darwin/i386;
				VALID_ARCHS = i386;
				WRAPPER_EXTENSION = framework;
			};
			name = Debug;
		};
		21CFD4F5139A67A5008CD904 /* Release */ = {
			isa = XCBuildConfiguration;
			buildSettings = {
				ALWAYS_SEARCH_USER_PATHS = NO;
				ARCHS = i386;
				DEBUG_INFORMATION_FORMAT = "dwarf-with-dsym";
				DEPLOYMENT_LOCATION = YES;
				DEPLOYMENT_POSTPROCESSING = YES;
				DSTROOT = /;
				DYLIB_COMPATIBILITY_VERSION = 1;
				DYLIB_CURRENT_VERSION = 1;
				FRAMEWORK_SEARCH_PATHS = (
					"$(inherited)",
					"\"$(DEVELOPER_DIR)/Cocotron/1.0/Darwin/i386/Frameworks\"",
				);
				FRAMEWORK_VERSION = A;
				GCC_MODEL_TUNING = G5;
				GCC_PRECOMPILE_PREFIX_HEADER = YES;
				INFOPLIST_FILE = Info.plist;
				INSTALL_MODE_FLAG = "og-w,a+rX";
				INSTALL_PATH = /Developer/CocoCat/1.0/Darwin/i386/Frameworks;
				OTHER_CFLAGS = "-D__COCOTRON__";
				PRODUCT_NAME = CocoCatKit;
				SDKROOT = "";
				SYMROOT = build/Darwin/i386;
				VALID_ARCHS = i386;
				WRAPPER_EXTENSION = framework;
			};
			name = Release;
		};
/* End XCBuildConfiguration section */

/* Begin XCConfigurationList section */
		1DEB91AD08733DA50010E9CD /* Build configuration list for PBXNativeTarget "CocoCatKit (MacOS x86_64)" */ = {
			isa = XCConfigurationList;
			buildConfigurations = (
				1DEB91AE08733DA50010E9CD /* Debug */,
				1DEB91AF08733DA50010E9CD /* Release */,
			);
			defaultConfigurationIsVisible = 0;
			defaultConfigurationName = Release;
		};
		1DEB91B108733DA50010E9CD /* Build configuration list for PBXProject "CocoCatKit" */ = {
			isa = XCConfigurationList;
			buildConfigurations = (
				1DEB91B208733DA50010E9CD /* Debug */,
				1DEB91B308733DA50010E9CD /* Release */,
			);
			defaultConfigurationIsVisible = 0;
			defaultConfigurationName = Release;
		};
		21BE7FE5139A4D3800301793 /* Build configuration list for PBXNativeTarget "CocoCatKit (Windows i386)" */ = {
			isa = XCConfigurationList;
			buildConfigurations = (
				21BE7FE6139A4D3800301793 /* Debug */,
				21BE7FE7139A4D3800301793 /* Release */,
			);
			defaultConfigurationIsVisible = 0;
			defaultConfigurationName = Release;
		};
		21CFD4F3139A67A5008CD904 /* Build configuration list for PBXNativeTarget "CocoCatKit (Darwin i386)" */ = {
			isa = XCConfigurationList;
			buildConfigurations = (
				21CFD4F4139A67A5008CD904 /* Debug */,
				21CFD4F5139A67A5008CD904 /* Release */,
			);
			defaultConfigurationIsVisible = 0;
			defaultConfigurationName = Release;
		};
/* End XCConfigurationList section */
	};
	rootObject = 0867D690FE84028FC02AAC07 /* Project object */;
}
