// !$*UTF8*$!
{
	archiveVersion = 1;
	classes = {
	};
	objectVersion = 45;
	objects = {

/* Begin PBXBuildFile section */
		217F95CD13896FF800D408E6 /* CocoCatKit.framework in Frameworks */ = {isa = PBXBuildFile; fileRef = 217F95CC13896FF800D408E6 /* CocoCatKit.framework */; };
		21CFD428139A5E16008CD904 /* main.m in Sources */ = {isa = PBXBuildFile; fileRef = 29B97316FDCFA39411CA2CEA /* main.m */; settings = {ATTRIBUTES = (); }; };
		21CFD429139A5E16008CD904 /* HelloWorldServlet.m in Sources */ = {isa = PBXBuildFile; fileRef = C6FBC504135ED43C00ABB4EF /* HelloWorldServlet.m */; };
		21CFD435139A5E72008CD904 /* Foundation.framework in Frameworks */ = {isa = PBXBuildFile; fileRef = 21CFD434139A5E72008CD904 /* Foundation.framework */; };
		21CFD437139A5E84008CD904 /* CocoCatKit.framework in Frameworks */ = {isa = PBXBuildFile; fileRef = 21CFD436139A5E84008CD904 /* CocoCatKit.framework */; };
		21CFD50A139A68B1008CD904 /* main.m in Sources */ = {isa = PBXBuildFile; fileRef = 29B97316FDCFA39411CA2CEA /* main.m */; settings = {ATTRIBUTES = (); }; };
		21CFD50B139A68B1008CD904 /* HelloWorldServlet.m in Sources */ = {isa = PBXBuildFile; fileRef = C6FBC504135ED43C00ABB4EF /* HelloWorldServlet.m */; };
		21CFD515139A68E4008CD904 /* Foundation.framework in Frameworks */ = {isa = PBXBuildFile; fileRef = 21CFD514139A68E4008CD904 /* Foundation.framework */; };
		21CFD517139A68F3008CD904 /* CocoCatKit.framework in Frameworks */ = {isa = PBXBuildFile; fileRef = 21CFD516139A68F3008CD904 /* CocoCatKit.framework */; };
		8D11072D0486CEB800E47090 /* main.m in Sources */ = {isa = PBXBuildFile; fileRef = 29B97316FDCFA39411CA2CEA /* main.m */; settings = {ATTRIBUTES = (); }; };
		C6FBC505135ED43C00ABB4EF /* HelloWorldServlet.m in Sources */ = {isa = PBXBuildFile; fileRef = C6FBC504135ED43C00ABB4EF /* HelloWorldServlet.m */; };
		C6FBC5AB135ED71A00ABB4EF /* Foundation.framework in Frameworks */ = {isa = PBXBuildFile; fileRef = C6FBC5AA135ED71A00ABB4EF /* Foundation.framework */; };
/* End PBXBuildFile section */

/* Begin PBXFileReference section */
		1058C7A1FEA54F0111CA2CBB /* Cocoa.framework */ = {isa = PBXFileReference; lastKnownFileType = wrapper.framework; name = Cocoa.framework; path = /System/Library/Frameworks/Cocoa.framework; sourceTree = "<absolute>"; };
		13E42FB307B3F0F600E4EEF1 /* CoreData.framework */ = {isa = PBXFileReference; lastKnownFileType = wrapper.framework; name = CoreData.framework; path = /System/Library/Frameworks/CoreData.framework; sourceTree = "<absolute>"; };
		217F95CC13896FF800D408E6 /* CocoCatKit.framework */ = {isa = PBXFileReference; lastKnownFileType = wrapper.framework; name = CocoCatKit.framework; path = /Developer/CocoCat/1.0/MacOS/x86_64/Frameworks/CocoCatKit.framework; sourceTree = "<absolute>"; };
		21CFD430139A5E16008CD904 /* HelloWorld.app */ = {isa = PBXFileReference; explicitFileType = wrapper.application; includeInIndex = 0; path = HelloWorld.app; sourceTree = BUILT_PRODUCTS_DIR; };
		21CFD434139A5E72008CD904 /* Foundation.framework */ = {isa = PBXFileReference; lastKnownFileType = wrapper.framework; name = Foundation.framework; path = /Developer/Cocotron/1.0/Windows/i386/Frameworks/Foundation.framework; sourceTree = "<absolute>"; };
		21CFD436139A5E84008CD904 /* CocoCatKit.framework */ = {isa = PBXFileReference; lastKnownFileType = wrapper.framework; name = CocoCatKit.framework; path = /Developer/CocoCat/1.0/Windows/i386/Frameworks/CocoCatKit.framework; sourceTree = "<absolute>"; };
		21CFD512139A68B1008CD904 /* HelloWorld.app */ = {isa = PBXFileReference; explicitFileType = wrapper.application; includeInIndex = 0; path = HelloWorld.app; sourceTree = BUILT_PRODUCTS_DIR; };
		21CFD514139A68E4008CD904 /* Foundation.framework */ = {isa = PBXFileReference; lastKnownFileType = wrapper.framework; name = Foundation.framework; path = /Developer/Cocotron/1.0/Darwin/i386/Frameworks/Foundation.framework; sourceTree = "<absolute>"; };
		21CFD516139A68F3008CD904 /* CocoCatKit.framework */ = {isa = PBXFileReference; lastKnownFileType = wrapper.framework; name = CocoCatKit.framework; path = /Developer/CocoCat/1.0/Darwin/i386/Frameworks/CocoCatKit.framework; sourceTree = "<absolute>"; };
		29B97316FDCFA39411CA2CEA /* main.m */ = {isa = PBXFileReference; fileEncoding = 4; lastKnownFileType = sourcecode.c.objc; path = main.m; sourceTree = "<group>"; };
		29B97324FDCFA39411CA2CEA /* AppKit.framework */ = {isa = PBXFileReference; lastKnownFileType = wrapper.framework; name = AppKit.framework; path = /System/Library/Frameworks/AppKit.framework; sourceTree = "<absolute>"; };
		29B97325FDCFA39411CA2CEA /* Foundation.framework */ = {isa = PBXFileReference; lastKnownFileType = wrapper.framework; name = Foundation.framework; path = /System/Library/Frameworks/Foundation.framework; sourceTree = "<absolute>"; };
		8D1107320486CEB800E47090 /* HelloWorld.app */ = {isa = PBXFileReference; explicitFileType = wrapper.application; includeInIndex = 0; path = HelloWorld.app; sourceTree = BUILT_PRODUCTS_DIR; };
		C6FBC503135ED43C00ABB4EF /* HelloWorldServlet.h */ = {isa = PBXFileReference; fileEncoding = 4; lastKnownFileType = sourcecode.c.h; path = HelloWorldServlet.h; sourceTree = "<group>"; };
		C6FBC504135ED43C00ABB4EF /* HelloWorldServlet.m */ = {isa = PBXFileReference; fileEncoding = 4; lastKnownFileType = sourcecode.c.objc; path = HelloWorldServlet.m; sourceTree = "<group>"; };
		C6FBC5AA135ED71A00ABB4EF /* Foundation.framework */ = {isa = PBXFileReference; lastKnownFileType = wrapper.framework; name = Foundation.framework; path = System/Library/Frameworks/Foundation.framework; sourceTree = SDKROOT; };
/* End PBXFileReference section */

/* Begin PBXFrameworksBuildPhase section */
		21CFD42A139A5E16008CD904 /* Frameworks */ = {
			isa = PBXFrameworksBuildPhase;
			buildActionMask = 2147483647;
			files = (
				21CFD435139A5E72008CD904 /* Foundation.framework in Frameworks */,
				21CFD437139A5E84008CD904 /* CocoCatKit.framework in Frameworks */,
			);
			runOnlyForDeploymentPostprocessing = 0;
		};
		21CFD50C139A68B1008CD904 /* Frameworks */ = {
			isa = PBXFrameworksBuildPhase;
			buildActionMask = 2147483647;
			files = (
				21CFD515139A68E4008CD904 /* Foundation.framework in Frameworks */,
				21CFD517139A68F3008CD904 /* CocoCatKit.framework in Frameworks */,
			);
			runOnlyForDeploymentPostprocessing = 0;
		};
		8D11072E0486CEB800E47090 /* Frameworks */ = {
			isa = PBXFrameworksBuildPhase;
			buildActionMask = 2147483647;
			files = (
				C6FBC5AB135ED71A00ABB4EF /* Foundation.framework in Frameworks */,
				217F95CD13896FF800D408E6 /* CocoCatKit.framework in Frameworks */,
			);
			runOnlyForDeploymentPostprocessing = 0;
		};
/* End PBXFrameworksBuildPhase section */

/* Begin PBXGroup section */
		080E96DDFE201D6D7F000001 /* Classes */ = {
			isa = PBXGroup;
			children = (
				C6FBC503135ED43C00ABB4EF /* HelloWorldServlet.h */,
				C6FBC504135ED43C00ABB4EF /* HelloWorldServlet.m */,
			);
			name = Classes;
			sourceTree = "<group>";
		};
		1058C7A0FEA54F0111CA2CBB /* Linked Frameworks */ = {
			isa = PBXGroup;
			children = (
				1058C7A1FEA54F0111CA2CBB /* Cocoa.framework */,
			);
			name = "Linked Frameworks";
			sourceTree = "<group>";
		};
		1058C7A2FEA54F0111CA2CBB /* Other Frameworks */ = {
			isa = PBXGroup;
			children = (
				29B97324FDCFA39411CA2CEA /* AppKit.framework */,
				13E42FB307B3F0F600E4EEF1 /* CoreData.framework */,
				29B97325FDCFA39411CA2CEA /* Foundation.framework */,
			);
			name = "Other Frameworks";
			sourceTree = "<group>";
		};
		19C28FACFE9D520D11CA2CBB /* Products */ = {
			isa = PBXGroup;
			children = (
				8D1107320486CEB800E47090 /* HelloWorld.app */,
				21CFD430139A5E16008CD904 /* HelloWorld.app */,
				21CFD512139A68B1008CD904 /* HelloWorld.app */,
			);
			name = Products;
			sourceTree = "<group>";
		};
		29B97314FDCFA39411CA2CEA /* HelloWorld */ = {
			isa = PBXGroup;
			children = (
				080E96DDFE201D6D7F000001 /* Classes */,
				29B97315FDCFA39411CA2CEA /* Other Sources */,
				29B97317FDCFA39411CA2CEA /* Resources */,
				29B97323FDCFA39411CA2CEA /* Frameworks */,
				19C28FACFE9D520D11CA2CBB /* Products */,
				C6FBC5AA135ED71A00ABB4EF /* Foundation.framework */,
				217F95CC13896FF800D408E6 /* CocoCatKit.framework */,
				21CFD434139A5E72008CD904 /* Foundation.framework */,
				21CFD436139A5E84008CD904 /* CocoCatKit.framework */,
				21CFD514139A68E4008CD904 /* Foundation.framework */,
				21CFD516139A68F3008CD904 /* CocoCatKit.framework */,
			);
			name = HelloWorld;
			sourceTree = "<group>";
		};
		29B97315FDCFA39411CA2CEA /* Other Sources */ = {
			isa = PBXGroup;
			children = (
				29B97316FDCFA39411CA2CEA /* main.m */,
			);
			name = "Other Sources";
			sourceTree = "<group>";
		};
		29B97317FDCFA39411CA2CEA /* Resources */ = {
			isa = PBXGroup;
			children = (
			);
			name = Resources;
			sourceTree = "<group>";
		};
		29B97323FDCFA39411CA2CEA /* Frameworks */ = {
			isa = PBXGroup;
			children = (
				1058C7A0FEA54F0111CA2CBB /* Linked Frameworks */,
				1058C7A2FEA54F0111CA2CBB /* Other Frameworks */,
			);
			name = Frameworks;
			sourceTree = "<group>";
		};
/* End PBXGroup section */

/* Begin PBXNativeTarget section */
		21CFD425139A5E16008CD904 /* HelloWorld (Windows i386) */ = {
			isa = PBXNativeTarget;
			buildConfigurationList = 21CFD42D139A5E16008CD904 /* Build configuration list for PBXNativeTarget "HelloWorld (Windows i386)" */;
			buildPhases = (
				21CFD426139A5E16008CD904 /* Resources */,
				21CFD427139A5E16008CD904 /* Sources */,
				21CFD42A139A5E16008CD904 /* Frameworks */,
				21CFD456139A6137008CD904 /* copy frameworks */,
			);
			buildRules = (
			);
			dependencies = (
			);
			name = "HelloWorld (Windows i386)";
			productInstallPath = "$(HOME)/Applications";
			productName = HelloWorld;
			productReference = 21CFD430139A5E16008CD904 /* HelloWorld.app */;
			productType = "com.apple.product-type.application";
		};
		21CFD507139A68B1008CD904 /* HelloWorld (Darwin i386) */ = {
			isa = PBXNativeTarget;
			buildConfigurationList = 21CFD50F139A68B1008CD904 /* Build configuration list for PBXNativeTarget "HelloWorld (Darwin i386)" */;
			buildPhases = (
				21CFD508139A68B1008CD904 /* Resources */,
				21CFD509139A68B1008CD904 /* Sources */,
				21CFD50C139A68B1008CD904 /* Frameworks */,
			);
			buildRules = (
			);
			dependencies = (
			);
			name = "HelloWorld (Darwin i386)";
			productInstallPath = "$(HOME)/Applications";
			productName = HelloWorld;
			productReference = 21CFD512139A68B1008CD904 /* HelloWorld.app */;
			productType = "com.apple.product-type.application";
		};
		8D1107260486CEB800E47090 /* HelloWorld (MacOS x86_64) */ = {
			isa = PBXNativeTarget;
			buildConfigurationList = C01FCF4A08A954540054247B /* Build configuration list for PBXNativeTarget "HelloWorld (MacOS x86_64)" */;
			buildPhases = (
				8D1107290486CEB800E47090 /* Resources */,
				8D11072C0486CEB800E47090 /* Sources */,
				8D11072E0486CEB800E47090 /* Frameworks */,
			);
			buildRules = (
			);
			dependencies = (
			);
			name = "HelloWorld (MacOS x86_64)";
			productInstallPath = "$(HOME)/Applications";
			productName = HelloWorld;
			productReference = 8D1107320486CEB800E47090 /* HelloWorld.app */;
			productType = "com.apple.product-type.application";
		};
/* End PBXNativeTarget section */

/* Begin PBXProject section */
		29B97313FDCFA39411CA2CEA /* Project object */ = {
			isa = PBXProject;
			buildConfigurationList = C01FCF4E08A954540054247B /* Build configuration list for PBXProject "HelloWorld" */;
			compatibilityVersion = "Xcode 3.1";
			hasScannedForEncodings = 1;
			knownRegions = (
				English,
				Japanese,
				French,
				German,
			);
			mainGroup = 29B97314FDCFA39411CA2CEA /* HelloWorld */;
			projectDirPath = "";
			projectRoot = "";
			targets = (
				8D1107260486CEB800E47090 /* HelloWorld (MacOS x86_64) */,
				21CFD507139A68B1008CD904 /* HelloWorld (Darwin i386) */,
				21CFD425139A5E16008CD904 /* HelloWorld (Windows i386) */,
			);
		};
/* End PBXProject section */

/* Begin PBXResourcesBuildPhase section */
		21CFD426139A5E16008CD904 /* Resources */ = {
			isa = PBXResourcesBuildPhase;
			buildActionMask = 2147483647;
			files = (
			);
			runOnlyForDeploymentPostprocessing = 0;
		};
		21CFD508139A68B1008CD904 /* Resources */ = {
			isa = PBXResourcesBuildPhase;
			buildActionMask = 2147483647;
			files = (
			);
			runOnlyForDeploymentPostprocessing = 0;
		};
		8D1107290486CEB800E47090 /* Resources */ = {
			isa = PBXResourcesBuildPhase;
			buildActionMask = 2147483647;
			files = (
			);
			runOnlyForDeploymentPostprocessing = 0;
		};
/* End PBXResourcesBuildPhase section */

/* Begin PBXShellScriptBuildPhase section */
		21CFD456139A6137008CD904 /* copy frameworks */ = {
			isa = PBXShellScriptBuildPhase;
			buildActionMask = 2147483647;
			files = (
			);
			inputPaths = (
			);
			name = "copy frameworks";
			outputPaths = (
			);
			runOnlyForDeploymentPostprocessing = 0;
			shellPath = /bin/sh;
			shellScript = "/Developer/Cocotron/1.0/bin/retargetBundle  -F \"/Developer/CocoCat/1.0/Windows/i386/Frameworks\"  -framework CocoCatKit -destination $TARGET_BUILD_DIR\"/\"$EXECUTABLE_FOLDER_PATH\n\n/Developer/Cocotron/1.0/bin/retargetBundle  -F \"/Developer/Cocotron/1.0/Windows/i386/Frameworks\" -framework Foundation -destination $TARGET_BUILD_DIR\"/\"$EXECUTABLE_FOLDER_PATH\n";
		};
/* End PBXShellScriptBuildPhase section */

/* Begin PBXSourcesBuildPhase section */
		21CFD427139A5E16008CD904 /* Sources */ = {
			isa = PBXSourcesBuildPhase;
			buildActionMask = 2147483647;
			files = (
				21CFD428139A5E16008CD904 /* main.m in Sources */,
				21CFD429139A5E16008CD904 /* HelloWorldServlet.m in Sources */,
			);
			runOnlyForDeploymentPostprocessing = 0;
		};
		21CFD509139A68B1008CD904 /* Sources */ = {
			isa = PBXSourcesBuildPhase;
			buildActionMask = 2147483647;
			files = (
				21CFD50A139A68B1008CD904 /* main.m in Sources */,
				21CFD50B139A68B1008CD904 /* HelloWorldServlet.m in Sources */,
			);
			runOnlyForDeploymentPostprocessing = 0;
		};
		8D11072C0486CEB800E47090 /* Sources */ = {
			isa = PBXSourcesBuildPhase;
			buildActionMask = 2147483647;
			files = (
				8D11072D0486CEB800E47090 /* main.m in Sources */,
				C6FBC505135ED43C00ABB4EF /* HelloWorldServlet.m in Sources */,
			);
			runOnlyForDeploymentPostprocessing = 0;
		};
/* End PBXSourcesBuildPhase section */

/* Begin XCBuildConfiguration section */
		21CFD42E139A5E16008CD904 /* Debug */ = {
			isa = XCBuildConfiguration;
			buildSettings = {
				ALWAYS_SEARCH_USER_PATHS = NO;
				ARCHS = i386;
				COPY_PHASE_STRIP = NO;
				EXECUTABLE_FOLDER_PATH = "$(CONTENTS_FOLDER_PATH)/Windows";
				EXECUTABLE_SUFFIX = .exe;
				FRAMEWORK_SEARCH_PATHS = (
					"\"$(DEVELOPER_DIR)/Cocotron/1.0/Windows/i386/Frameworks\"",
					"\"$(DEVELOPER_DIR)/CocoCat/1.0/Windows/i386/Frameworks\"",
				);
				GCC_DYNAMIC_NO_PIC = NO;
				GCC_ENABLE_FIX_AND_CONTINUE = NO;
				GCC_MODEL_TUNING = G5;
				GCC_OPTIMIZATION_LEVEL = 0;
				GCC_PRECOMPILE_PREFIX_HEADER = NO;
				GCC_PREFIX_HEADER = "";
				GCC_VERSION = org.cocotron.1.0.windows.i386.gcc.4.3.1;
				INFOPLIST_FILE = "";
				INSTALL_PATH = "$(HOME)/Applications";
				PRODUCT_NAME = HelloWorld;
				SDKROOT = "";
			};
			name = Debug;
		};
		21CFD42F139A5E16008CD904 /* Release */ = {
			isa = XCBuildConfiguration;
			buildSettings = {
				ALWAYS_SEARCH_USER_PATHS = NO;
				ARCHS = i386;
				DEBUG_INFORMATION_FORMAT = "dwarf-with-dsym";
				EXECUTABLE_FOLDER_PATH = "$(CONTENTS_FOLDER_PATH)/Windows";
				EXECUTABLE_SUFFIX = .exe;
				FRAMEWORK_SEARCH_PATHS = (
					"\"$(DEVELOPER_DIR)/Cocotron/1.0/Windows/i386/Frameworks\"",
					"\"$(DEVELOPER_DIR)/CocoCat/1.0/Windows/i386/Frameworks\"",
				);
				GCC_ENABLE_FIX_AND_CONTINUE = NO;
				GCC_MODEL_TUNING = G5;
				GCC_PRECOMPILE_PREFIX_HEADER = NO;
				GCC_PREFIX_HEADER = "";
				GCC_VERSION = org.cocotron.1.0.windows.i386.gcc.4.3.1;
				INFOPLIST_FILE = "";
				INSTALL_PATH = "$(HOME)/Applications";
				PRODUCT_NAME = HelloWorld;
				SDKROOT = "";
			};
			name = Release;
		};
		21CFD510139A68B1008CD904 /* Debug */ = {
			isa = XCBuildConfiguration;
			buildSettings = {
				ALWAYS_SEARCH_USER_PATHS = NO;
				ARCHS = i386;
				COPY_PHASE_STRIP = NO;
				FRAMEWORK_SEARCH_PATHS = (
					"$(inherited)",
					"\"$(DEVELOPER_DIR)/Cocotron/1.0/Darwin/i386/Frameworks\"",
					"\"$(DEVELOPER_DIR)/CocoCat/1.0/Darwin/i386/Frameworks\"",
				);
				GCC_DYNAMIC_NO_PIC = NO;
				GCC_ENABLE_FIX_AND_CONTINUE = YES;
				GCC_MODEL_TUNING = G5;
				GCC_OPTIMIZATION_LEVEL = 0;
				GCC_PRECOMPILE_PREFIX_HEADER = NO;
				GCC_PREFIX_HEADER = "";
				INFOPLIST_FILE = "";
				INSTALL_PATH = "$(HOME)/Applications";
				OTHER_CFLAGS = "-D__COCOTRON__";
				PRODUCT_NAME = HelloWorld;
				SDKROOT = "";
				VALID_ARCHS = i386;
			};
			name = Debug;
		};
		21CFD511139A68B1008CD904 /* Release */ = {
			isa = XCBuildConfiguration;
			buildSettings = {
				ALWAYS_SEARCH_USER_PATHS = NO;
				ARCHS = i386;
				DEBUG_INFORMATION_FORMAT = "dwarf-with-dsym";
				FRAMEWORK_SEARCH_PATHS = (
					"$(inherited)",
					"\"$(DEVELOPER_DIR)/Cocotron/1.0/Darwin/i386/Frameworks\"",
					"\"$(DEVELOPER_DIR)/CocoCat/1.0/Darwin/i386/Frameworks\"",
				);
				GCC_MODEL_TUNING = G5;
				GCC_PRECOMPILE_PREFIX_HEADER = NO;
				GCC_PREFIX_HEADER = "";
				INFOPLIST_FILE = "";
				INSTALL_PATH = "$(HOME)/Applications";
				OTHER_CFLAGS = "-D__COCOTRON__";
				PRODUCT_NAME = HelloWorld;
				SDKROOT = "";
				VALID_ARCHS = i386;
			};
			name = Release;
		};
		C01FCF4B08A954540054247B /* Debug */ = {
			isa = XCBuildConfiguration;
			buildSettings = {
				ALWAYS_SEARCH_USER_PATHS = NO;
				ARCHS = "$(ARCHS_STANDARD_32_64_BIT)";
				COPY_PHASE_STRIP = NO;
				FRAMEWORK_SEARCH_PATHS = (
					"$(inherited)",
					"\"$(DEVELOPER_DIR)/CocoCat/1.0/MacOS/x86_64/Frameworks\"",
				);
				GCC_DYNAMIC_NO_PIC = NO;
				GCC_ENABLE_FIX_AND_CONTINUE = YES;
				GCC_MODEL_TUNING = G5;
				GCC_OPTIMIZATION_LEVEL = 0;
				GCC_PRECOMPILE_PREFIX_HEADER = NO;
				GCC_PREFIX_HEADER = "";
				INFOPLIST_FILE = "";
				INSTALL_PATH = "$(HOME)/Applications";
				PRODUCT_NAME = HelloWorld;
			};
			name = Debug;
		};
		C01FCF4C08A954540054247B /* Release */ = {
			isa = XCBuildConfiguration;
			buildSettings = {
				ALWAYS_SEARCH_USER_PATHS = NO;
				ARCHS = "$(ARCHS_STANDARD_32_64_BIT)";
				DEBUG_INFORMATION_FORMAT = "dwarf-with-dsym";
				FRAMEWORK_SEARCH_PATHS = (
					"$(inherited)",
					"\"$(DEVELOPER_DIR)/CocoCat/1.0/MacOS/x86_64/Frameworks\"",
				);
				GCC_MODEL_TUNING = G5;
				GCC_PRECOMPILE_PREFIX_HEADER = NO;
				GCC_PREFIX_HEADER = "";
				INFOPLIST_FILE = "";
				INSTALL_PATH = "$(HOME)/Applications";
				PRODUCT_NAME = HelloWorld;
			};
			name = Release;
		};
		C01FCF4F08A954540054247B /* Debug */ = {
			isa = XCBuildConfiguration;
			buildSettings = {
				ARCHS = "$(ARCHS_STANDARD_32_64_BIT)";
				GCC_C_LANGUAGE_STANDARD = gnu99;
				GCC_OPTIMIZATION_LEVEL = 0;
				GCC_WARN_ABOUT_RETURN_TYPE = YES;
				GCC_WARN_UNUSED_VARIABLE = YES;
				ONLY_ACTIVE_ARCH = YES;
				PREBINDING = NO;
				SDKROOT = macosx10.6;
			};
			name = Debug;
		};
		C01FCF5008A954540054247B /* Release */ = {
			isa = XCBuildConfiguration;
			buildSettings = {
				ARCHS = "$(ARCHS_STANDARD_32_64_BIT)";
				GCC_C_LANGUAGE_STANDARD = gnu99;
				GCC_WARN_ABOUT_RETURN_TYPE = YES;
				GCC_WARN_UNUSED_VARIABLE = YES;
				PREBINDING = NO;
				SDKROOT = macosx10.6;
			};
			name = Release;
		};
/* End XCBuildConfiguration section */

/* Begin XCConfigurationList section */
		21CFD42D139A5E16008CD904 /* Build configuration list for PBXNativeTarget "HelloWorld (Windows i386)" */ = {
			isa = XCConfigurationList;
			buildConfigurations = (
				21CFD42E139A5E16008CD904 /* Debug */,
				21CFD42F139A5E16008CD904 /* Release */,
			);
			defaultConfigurationIsVisible = 0;
			defaultConfigurationName = Release;
		};
		21CFD50F139A68B1008CD904 /* Build configuration list for PBXNativeTarget "HelloWorld (Darwin i386)" */ = {
			isa = XCConfigurationList;
			buildConfigurations = (
				21CFD510139A68B1008CD904 /* Debug */,
				21CFD511139A68B1008CD904 /* Release */,
			);
			defaultConfigurationIsVisible = 0;
			defaultConfigurationName = Release;
		};
		C01FCF4A08A954540054247B /* Build configuration list for PBXNativeTarget "HelloWorld (MacOS x86_64)" */ = {
			isa = XCConfigurationList;
			buildConfigurations = (
				C01FCF4B08A954540054247B /* Debug */,
				C01FCF4C08A954540054247B /* Release */,
			);
			defaultConfigurationIsVisible = 0;
			defaultConfigurationName = Release;
		};
		C01FCF4E08A954540054247B /* Build configuration list for PBXProject "HelloWorld" */ = {
			isa = XCConfigurationList;
			buildConfigurations = (
				C01FCF4F08A954540054247B /* Debug */,
				C01FCF5008A954540054247B /* Release */,
			);
			defaultConfigurationIsVisible = 0;
			defaultConfigurationName = Release;
		};
/* End XCConfigurationList section */
	};
	rootObject = 29B97313FDCFA39411CA2CEA /* Project object */;
}
